// !$*UTF8*$!
{
	archiveVersion = 1;
	classes = {
	};
	objectVersion = 46;
	objects = {

/* Begin PBXBuildFile section */
		00CA4DFC1E6657E70B7E8D36 /* Pods_UberGo.framework in Frameworks */ = {isa = PBXBuildFile; fileRef = E8B037DB48A309C9D4EDC5A2 /* Pods_UberGo.framework */; };
		BA037F371EDD61F800945C1D /* AppDelegate.swift in Sources */ = {isa = PBXBuildFile; fileRef = BA037F361EDD61F800945C1D /* AppDelegate.swift */; };
		BA037F3B1EDD61F800945C1D /* Assets.xcassets in Resources */ = {isa = PBXBuildFile; fileRef = BA037F3A1EDD61F800945C1D /* Assets.xcassets */; };
		BA037F3E1EDD61F800945C1D /* Main.storyboard in Resources */ = {isa = PBXBuildFile; fileRef = BA037F3C1EDD61F800945C1D /* Main.storyboard */; };
		BA037F491EDD61F800945C1D /* UberGoTests.swift in Sources */ = {isa = PBXBuildFile; fileRef = BA037F481EDD61F800945C1D /* UberGoTests.swift */; };
		BAF57FB91EE116FB0013090E /* LoginViewController.swift in Sources */ = {isa = PBXBuildFile; fileRef = BAF57FB71EE116FB0013090E /* LoginViewController.swift */; };
		BAF57FBA1EE116FB0013090E /* LoginViewController.xib in Resources */ = {isa = PBXBuildFile; fileRef = BAF57FB81EE116FB0013090E /* LoginViewController.xib */; };
		BAF57FBF1EE117300013090E /* MapViewController.swift in Sources */ = {isa = PBXBuildFile; fileRef = BAF57FBD1EE117300013090E /* MapViewController.swift */; };
		BAF57FC01EE117300013090E /* MapViewController.xib in Resources */ = {isa = PBXBuildFile; fileRef = BAF57FBE1EE117300013090E /* MapViewController.xib */; };
/* End PBXBuildFile section */

/* Begin PBXContainerItemProxy section */
		BA037F451EDD61F800945C1D /* PBXContainerItemProxy */ = {
			isa = PBXContainerItemProxy;
			containerPortal = BA037F2B1EDD61F800945C1D /* Project object */;
			proxyType = 1;
			remoteGlobalIDString = BA037F321EDD61F800945C1D;
			remoteInfo = UberGo;
		};
/* End PBXContainerItemProxy section */

/* Begin PBXFileReference section */
		13D868F3FBB4B7EB32B77A66 /* Pods-UberGo.debug.xcconfig */ = {isa = PBXFileReference; includeInIndex = 1; lastKnownFileType = text.xcconfig; name = "Pods-UberGo.debug.xcconfig"; path = "../Pods/Target Support Files/Pods-UberGo/Pods-UberGo.debug.xcconfig"; sourceTree = "<group>"; };
		6D12875DE7461CA1633A4776 /* Pods-UberGo.release.xcconfig */ = {isa = PBXFileReference; includeInIndex = 1; lastKnownFileType = text.xcconfig; name = "Pods-UberGo.release.xcconfig"; path = "../Pods/Target Support Files/Pods-UberGo/Pods-UberGo.release.xcconfig"; sourceTree = "<group>"; };
		BA037F331EDD61F800945C1D /* UberGo.app */ = {isa = PBXFileReference; explicitFileType = wrapper.application; includeInIndex = 0; path = UberGo.app; sourceTree = BUILT_PRODUCTS_DIR; };
		BA037F361EDD61F800945C1D /* AppDelegate.swift */ = {isa = PBXFileReference; lastKnownFileType = sourcecode.swift; path = AppDelegate.swift; sourceTree = "<group>"; };
		BA037F3A1EDD61F800945C1D /* Assets.xcassets */ = {isa = PBXFileReference; lastKnownFileType = folder.assetcatalog; path = Assets.xcassets; sourceTree = "<group>"; };
		BA037F3D1EDD61F800945C1D /* Base */ = {isa = PBXFileReference; lastKnownFileType = file.storyboard; name = Base; path = Base.lproj/Main.storyboard; sourceTree = "<group>"; };
		BA037F3F1EDD61F800945C1D /* Info.plist */ = {isa = PBXFileReference; lastKnownFileType = text.plist.xml; path = Info.plist; sourceTree = "<group>"; };
		BA037F441EDD61F800945C1D /* UberGoTests.xctest */ = {isa = PBXFileReference; explicitFileType = wrapper.cfbundle; includeInIndex = 0; path = UberGoTests.xctest; sourceTree = BUILT_PRODUCTS_DIR; };
		BA037F481EDD61F800945C1D /* UberGoTests.swift */ = {isa = PBXFileReference; lastKnownFileType = sourcecode.swift; path = UberGoTests.swift; sourceTree = "<group>"; };
		BA037F4A1EDD61F800945C1D /* Info.plist */ = {isa = PBXFileReference; lastKnownFileType = text.plist.xml; path = Info.plist; sourceTree = "<group>"; };
		BAF57FB71EE116FB0013090E /* LoginViewController.swift */ = {isa = PBXFileReference; fileEncoding = 4; lastKnownFileType = sourcecode.swift; path = LoginViewController.swift; sourceTree = "<group>"; };
		BAF57FB81EE116FB0013090E /* LoginViewController.xib */ = {isa = PBXFileReference; fileEncoding = 4; lastKnownFileType = file.xib; path = LoginViewController.xib; sourceTree = "<group>"; };
		BAF57FBD1EE117300013090E /* MapViewController.swift */ = {isa = PBXFileReference; fileEncoding = 4; lastKnownFileType = sourcecode.swift; path = MapViewController.swift; sourceTree = "<group>"; };
		BAF57FBE1EE117300013090E /* MapViewController.xib */ = {isa = PBXFileReference; fileEncoding = 4; lastKnownFileType = file.xib; path = MapViewController.xib; sourceTree = "<group>"; };
		E8B037DB48A309C9D4EDC5A2 /* Pods_UberGo.framework */ = {isa = PBXFileReference; explicitFileType = wrapper.framework; includeInIndex = 0; path = Pods_UberGo.framework; sourceTree = BUILT_PRODUCTS_DIR; };
/* End PBXFileReference section */

/* Begin PBXFrameworksBuildPhase section */
		BA037F301EDD61F800945C1D /* Frameworks */ = {
			isa = PBXFrameworksBuildPhase;
			buildActionMask = 2147483647;
			files = (
				00CA4DFC1E6657E70B7E8D36 /* Pods_UberGo.framework in Frameworks */,
			);
			runOnlyForDeploymentPostprocessing = 0;
		};
		BA037F411EDD61F800945C1D /* Frameworks */ = {
			isa = PBXFrameworksBuildPhase;
			buildActionMask = 2147483647;
			files = (
			);
			runOnlyForDeploymentPostprocessing = 0;
		};
/* End PBXFrameworksBuildPhase section */

/* Begin PBXGroup section */
		0DFF56EB856BA6104A84545D /* Frameworks */ = {
			isa = PBXGroup;
			children = (
				E8B037DB48A309C9D4EDC5A2 /* Pods_UberGo.framework */,
			);
			name = Frameworks;
			sourceTree = "<group>";
		};
		BA037F2A1EDD61F800945C1D = {
			isa = PBXGroup;
			children = (
				BA037F351EDD61F800945C1D /* UberGo */,
				BA037F471EDD61F800945C1D /* UberGoTests */,
				BA037F341EDD61F800945C1D /* Products */,
				DB9E6C7D7D233F865E707922 /* Pods */,
				0DFF56EB856BA6104A84545D /* Frameworks */,
			);
			sourceTree = "<group>";
		};
		BA037F341EDD61F800945C1D /* Products */ = {
			isa = PBXGroup;
			children = (
				BA037F331EDD61F800945C1D /* UberGo.app */,
				BA037F441EDD61F800945C1D /* UberGoTests.xctest */,
			);
			name = Products;
			sourceTree = "<group>";
		};
		BA037F351EDD61F800945C1D /* UberGo */ = {
			isa = PBXGroup;
			children = (
				BA32E7211EDFC79C0044C017 /* Constants */,
				BA32E7201EDFC7910044C017 /* Resource */,
				BA32E71F1EDFC78B0044C017 /* Controller */,
				BA037F361EDD61F800945C1D /* AppDelegate.swift */,
			);
			path = UberGo;
			sourceTree = "<group>";
		};
		BA037F471EDD61F800945C1D /* UberGoTests */ = {
			isa = PBXGroup;
			children = (
				BA037F481EDD61F800945C1D /* UberGoTests.swift */,
				BA037F4A1EDD61F800945C1D /* Info.plist */,
			);
			path = UberGoTests;
			sourceTree = "<group>";
		};
		BA32E71F1EDFC78B0044C017 /* Controller */ = {
			isa = PBXGroup;
			children = (
				BAF57FB71EE116FB0013090E /* LoginViewController.swift */,
				BAF57FBD1EE117300013090E /* MapViewController.swift */,
			);
			name = Controller;
			sourceTree = "<group>";
		};
		BA32E7201EDFC7910044C017 /* Resource */ = {
			isa = PBXGroup;
			children = (
				BAF57FBC1EE117160013090E /* Assets */,
				BAF57FBB1EE117000013090E /* Storyboards Xibs */,
			);
			name = Resource;
			sourceTree = "<group>";
		};
		BA32E7211EDFC79C0044C017 /* Constants */ = {
			isa = PBXGroup;
			children = (
				BA037F3F1EDD61F800945C1D /* Info.plist */,
			);
			name = Constants;
			sourceTree = "<group>";
		};
		BAF57FBB1EE117000013090E /* Storyboards Xibs */ = {
			isa = PBXGroup;
			children = (
				BAF57FBE1EE117300013090E /* MapViewController.xib */,
				BAF57FB81EE116FB0013090E /* LoginViewController.xib */,
				BA037F3C1EDD61F800945C1D /* Main.storyboard */,
			);
			name = "Storyboards Xibs";
			sourceTree = "<group>";
		};
		BAF57FBC1EE117160013090E /* Assets */ = {
			isa = PBXGroup;
			children = (
				BA037F3A1EDD61F800945C1D /* Assets.xcassets */,
			);
			name = Assets;
			sourceTree = "<group>";
		};
		DB9E6C7D7D233F865E707922 /* Pods */ = {
			isa = PBXGroup;
			children = (
				13D868F3FBB4B7EB32B77A66 /* Pods-UberGo.debug.xcconfig */,
				6D12875DE7461CA1633A4776 /* Pods-UberGo.release.xcconfig */,
			);
			name = Pods;
			sourceTree = "<group>";
		};
/* End PBXGroup section */

/* Begin PBXNativeTarget section */
		BA037F321EDD61F800945C1D /* UberGo */ = {
			isa = PBXNativeTarget;
			buildConfigurationList = BA037F4D1EDD61F800945C1D /* Build configuration list for PBXNativeTarget "UberGo" */;
			buildPhases = (
				380D650E56A7BE06FC10BF61 /* [CP] Check Pods Manifest.lock */,
				BA037F2F1EDD61F800945C1D /* Sources */,
				BA037F301EDD61F800945C1D /* Frameworks */,
				BA037F311EDD61F800945C1D /* Resources */,
				F20F0C70E7EA8A04910A7D3A /* [CP] Embed Pods Frameworks */,
				702D69811002A3516F5DB060 /* [CP] Copy Pods Resources */,
			);
			buildRules = (
			);
			dependencies = (
			);
			name = UberGo;
			productName = UberGo;
			productReference = BA037F331EDD61F800945C1D /* UberGo.app */;
			productType = "com.apple.product-type.application";
		};
		BA037F431EDD61F800945C1D /* UberGoTests */ = {
			isa = PBXNativeTarget;
			buildConfigurationList = BA037F501EDD61F800945C1D /* Build configuration list for PBXNativeTarget "UberGoTests" */;
			buildPhases = (
				BA037F401EDD61F800945C1D /* Sources */,
				BA037F411EDD61F800945C1D /* Frameworks */,
				BA037F421EDD61F800945C1D /* Resources */,
			);
			buildRules = (
			);
			dependencies = (
				BA037F461EDD61F800945C1D /* PBXTargetDependency */,
			);
			name = UberGoTests;
			productName = UberGoTests;
			productReference = BA037F441EDD61F800945C1D /* UberGoTests.xctest */;
			productType = "com.apple.product-type.bundle.unit-test";
		};
/* End PBXNativeTarget section */

/* Begin PBXProject section */
		BA037F2B1EDD61F800945C1D /* Project object */ = {
			isa = PBXProject;
			attributes = {
				LastSwiftUpdateCheck = 0830;
				LastUpgradeCheck = 0830;
				ORGANIZATIONNAME = "Nghia Tran";
				TargetAttributes = {
					BA037F321EDD61F800945C1D = {
						CreatedOnToolsVersion = 8.3.2;
						DevelopmentTeam = D54Y88Y9CY;
						ProvisioningStyle = Automatic;
					};
					BA037F431EDD61F800945C1D = {
						CreatedOnToolsVersion = 8.3.2;
						DevelopmentTeam = D54Y88Y9CY;
						ProvisioningStyle = Automatic;
						TestTargetID = BA037F321EDD61F800945C1D;
					};
				};
			};
			buildConfigurationList = BA037F2E1EDD61F800945C1D /* Build configuration list for PBXProject "UberGo" */;
			compatibilityVersion = "Xcode 3.2";
			developmentRegion = English;
			hasScannedForEncodings = 0;
			knownRegions = (
				en,
				Base,
			);
			mainGroup = BA037F2A1EDD61F800945C1D;
			productRefGroup = BA037F341EDD61F800945C1D /* Products */;
			projectDirPath = "";
			projectRoot = "";
			targets = (
				BA037F321EDD61F800945C1D /* UberGo */,
				BA037F431EDD61F800945C1D /* UberGoTests */,
			);
		};
/* End PBXProject section */

/* Begin PBXResourcesBuildPhase section */
		BA037F311EDD61F800945C1D /* Resources */ = {
			isa = PBXResourcesBuildPhase;
			buildActionMask = 2147483647;
			files = (
				BA037F3B1EDD61F800945C1D /* Assets.xcassets in Resources */,
				BA037F3E1EDD61F800945C1D /* Main.storyboard in Resources */,
				BAF57FBA1EE116FB0013090E /* LoginViewController.xib in Resources */,
				BAF57FC01EE117300013090E /* MapViewController.xib in Resources */,
			);
			runOnlyForDeploymentPostprocessing = 0;
		};
		BA037F421EDD61F800945C1D /* Resources */ = {
			isa = PBXResourcesBuildPhase;
			buildActionMask = 2147483647;
			files = (
			);
			runOnlyForDeploymentPostprocessing = 0;
		};
/* End PBXResourcesBuildPhase section */

/* Begin PBXShellScriptBuildPhase section */
		380D650E56A7BE06FC10BF61 /* [CP] Check Pods Manifest.lock */ = {
			isa = PBXShellScriptBuildPhase;
			buildActionMask = 2147483647;
			files = (
			);
			inputPaths = (
			);
			name = "[CP] Check Pods Manifest.lock";
			outputPaths = (
			);
			runOnlyForDeploymentPostprocessing = 0;
			shellPath = /bin/sh;
			shellScript = "diff \"${PODS_PODFILE_DIR_PATH}/Podfile.lock\" \"${PODS_ROOT}/Manifest.lock\" > /dev/null\nif [ $? != 0 ] ; then\n    # print error to STDERR\n    echo \"error: The sandbox is not in sync with the Podfile.lock. Run 'pod install' or update your CocoaPods installation.\" >&2\n    exit 1\nfi\n";
			showEnvVarsInLog = 0;
		};
		702D69811002A3516F5DB060 /* [CP] Copy Pods Resources */ = {
			isa = PBXShellScriptBuildPhase;
			buildActionMask = 2147483647;
			files = (
			);
			inputPaths = (
			);
			name = "[CP] Copy Pods Resources";
			outputPaths = (
			);
			runOnlyForDeploymentPostprocessing = 0;
			shellPath = /bin/sh;
			shellScript = "\"${SRCROOT}/../Pods/Target Support Files/Pods-UberGo/Pods-UberGo-resources.sh\"\n";
			showEnvVarsInLog = 0;
		};
		F20F0C70E7EA8A04910A7D3A /* [CP] Embed Pods Frameworks */ = {
			isa = PBXShellScriptBuildPhase;
			buildActionMask = 2147483647;
			files = (
			);
			inputPaths = (
			);
			name = "[CP] Embed Pods Frameworks";
			outputPaths = (
			);
			runOnlyForDeploymentPostprocessing = 0;
			shellPath = /bin/sh;
			shellScript = "\"${SRCROOT}/../Pods/Target Support Files/Pods-UberGo/Pods-UberGo-frameworks.sh\"\n";
			showEnvVarsInLog = 0;
		};
/* End PBXShellScriptBuildPhase section */

/* Begin PBXSourcesBuildPhase section */
		BA037F2F1EDD61F800945C1D /* Sources */ = {
			isa = PBXSourcesBuildPhase;
			buildActionMask = 2147483647;
			files = (
				BAF57FB91EE116FB0013090E /* LoginViewController.swift in Sources */,
				BAF57FBF1EE117300013090E /* MapViewController.swift in Sources */,
				BA037F371EDD61F800945C1D /* AppDelegate.swift in Sources */,
			);
			runOnlyForDeploymentPostprocessing = 0;
		};
		BA037F401EDD61F800945C1D /* Sources */ = {
			isa = PBXSourcesBuildPhase;
			buildActionMask = 2147483647;
			files = (
				BA037F491EDD61F800945C1D /* UberGoTests.swift in Sources */,
			);
			runOnlyForDeploymentPostprocessing = 0;
		};
/* End PBXSourcesBuildPhase section */

/* Begin PBXTargetDependency section */
		BA037F461EDD61F800945C1D /* PBXTargetDependency */ = {
			isa = PBXTargetDependency;
			target = BA037F321EDD61F800945C1D /* UberGo */;
			targetProxy = BA037F451EDD61F800945C1D /* PBXContainerItemProxy */;
		};
/* End PBXTargetDependency section */

/* Begin PBXVariantGroup section */
		BA037F3C1EDD61F800945C1D /* Main.storyboard */ = {
			isa = PBXVariantGroup;
			children = (
				BA037F3D1EDD61F800945C1D /* Base */,
			);
			name = Main.storyboard;
			sourceTree = "<group>";
		};
/* End PBXVariantGroup section */

/* Begin XCBuildConfiguration section */
		BA037F4B1EDD61F800945C1D /* Debug */ = {
			isa = XCBuildConfiguration;
			buildSettings = {
				ALWAYS_SEARCH_USER_PATHS = NO;
				CLANG_ANALYZER_NONNULL = YES;
				CLANG_ANALYZER_NUMBER_OBJECT_CONVERSION = YES_AGGRESSIVE;
				CLANG_CXX_LANGUAGE_STANDARD = "gnu++0x";
				CLANG_CXX_LIBRARY = "libc++";
				CLANG_ENABLE_MODULES = YES;
				CLANG_ENABLE_OBJC_ARC = YES;
				CLANG_WARN_BOOL_CONVERSION = YES;
				CLANG_WARN_CONSTANT_CONVERSION = YES;
				CLANG_WARN_DIRECT_OBJC_ISA_USAGE = YES_ERROR;
				CLANG_WARN_DOCUMENTATION_COMMENTS = YES;
				CLANG_WARN_EMPTY_BODY = YES;
				CLANG_WARN_ENUM_CONVERSION = YES;
				CLANG_WARN_INFINITE_RECURSION = YES;
				CLANG_WARN_INT_CONVERSION = YES;
				CLANG_WARN_OBJC_ROOT_CLASS = YES_ERROR;
				CLANG_WARN_SUSPICIOUS_MOVE = YES;
				CLANG_WARN_UNREACHABLE_CODE = YES;
				CLANG_WARN__DUPLICATE_METHOD_MATCH = YES;
				CODE_SIGN_IDENTITY = "-";
				COPY_PHASE_STRIP = NO;
				DEBUG_INFORMATION_FORMAT = dwarf;
				ENABLE_STRICT_OBJC_MSGSEND = YES;
				ENABLE_TESTABILITY = YES;
				GCC_C_LANGUAGE_STANDARD = gnu99;
				GCC_DYNAMIC_NO_PIC = NO;
				GCC_NO_COMMON_BLOCKS = YES;
				GCC_OPTIMIZATION_LEVEL = 0;
				GCC_PREPROCESSOR_DEFINITIONS = (
					"DEBUG=1",
					"$(inherited)",
				);
				GCC_WARN_64_TO_32_BIT_CONVERSION = YES;
				GCC_WARN_ABOUT_RETURN_TYPE = YES_ERROR;
				GCC_WARN_UNDECLARED_SELECTOR = YES;
				GCC_WARN_UNINITIALIZED_AUTOS = YES_AGGRESSIVE;
				GCC_WARN_UNUSED_FUNCTION = YES;
				GCC_WARN_UNUSED_VARIABLE = YES;
				MACOSX_DEPLOYMENT_TARGET = 10.12;
				MTL_ENABLE_DEBUG_INFO = YES;
				ONLY_ACTIVE_ARCH = YES;
				SDKROOT = macosx;
				SWIFT_ACTIVE_COMPILATION_CONDITIONS = DEBUG;
				SWIFT_OPTIMIZATION_LEVEL = "-Onone";
			};
			name = Debug;
		};
		BA037F4C1EDD61F800945C1D /* Release */ = {
			isa = XCBuildConfiguration;
			buildSettings = {
				ALWAYS_SEARCH_USER_PATHS = NO;
				CLANG_ANALYZER_NONNULL = YES;
				CLANG_ANALYZER_NUMBER_OBJECT_CONVERSION = YES_AGGRESSIVE;
				CLANG_CXX_LANGUAGE_STANDARD = "gnu++0x";
				CLANG_CXX_LIBRARY = "libc++";
				CLANG_ENABLE_MODULES = YES;
				CLANG_ENABLE_OBJC_ARC = YES;
				CLANG_WARN_BOOL_CONVERSION = YES;
				CLANG_WARN_CONSTANT_CONVERSION = YES;
				CLANG_WARN_DIRECT_OBJC_ISA_USAGE = YES_ERROR;
				CLANG_WARN_DOCUMENTATION_COMMENTS = YES;
				CLANG_WARN_EMPTY_BODY = YES;
				CLANG_WARN_ENUM_CONVERSION = YES;
				CLANG_WARN_INFINITE_RECURSION = YES;
				CLANG_WARN_INT_CONVERSION = YES;
				CLANG_WARN_OBJC_ROOT_CLASS = YES_ERROR;
				CLANG_WARN_SUSPICIOUS_MOVE = YES;
				CLANG_WARN_UNREACHABLE_CODE = YES;
				CLANG_WARN__DUPLICATE_METHOD_MATCH = YES;
				CODE_SIGN_IDENTITY = "-";
				COPY_PHASE_STRIP = NO;
				DEBUG_INFORMATION_FORMAT = "dwarf-with-dsym";
				ENABLE_NS_ASSERTIONS = NO;
				ENABLE_STRICT_OBJC_MSGSEND = YES;
				GCC_C_LANGUAGE_STANDARD = gnu99;
				GCC_NO_COMMON_BLOCKS = YES;
				GCC_WARN_64_TO_32_BIT_CONVERSION = YES;
				GCC_WARN_ABOUT_RETURN_TYPE = YES_ERROR;
				GCC_WARN_UNDECLARED_SELECTOR = YES;
				GCC_WARN_UNINITIALIZED_AUTOS = YES_AGGRESSIVE;
				GCC_WARN_UNUSED_FUNCTION = YES;
				GCC_WARN_UNUSED_VARIABLE = YES;
				MACOSX_DEPLOYMENT_TARGET = 10.12;
				MTL_ENABLE_DEBUG_INFO = NO;
				SDKROOT = macosx;
				SWIFT_OPTIMIZATION_LEVEL = "-Owholemodule";
			};
			name = Release;
		};
		BA037F4E1EDD61F800945C1D /* Debug */ = {
			isa = XCBuildConfiguration;
			baseConfigurationReference = 13D868F3FBB4B7EB32B77A66 /* Pods-UberGo.debug.xcconfig */;
			buildSettings = {
				ASSETCATALOG_COMPILER_APPICON_NAME = AppIcon;
				COMBINE_HIDPI_IMAGES = YES;
				DEVELOPMENT_TEAM = D54Y88Y9CY;
				INFOPLIST_FILE = UberGo/Info.plist;
				LD_RUNPATH_SEARCH_PATHS = "$(inherited) @executable_path/../Frameworks";
				PRODUCT_BUNDLE_IDENTIFIER = com.fe.UberGo;
				PRODUCT_NAME = "$(TARGET_NAME)";
				SWIFT_VERSION = 3.0;
			};
			name = Debug;
		};
		BA037F4F1EDD61F800945C1D /* Release */ = {
			isa = XCBuildConfiguration;
			baseConfigurationReference = 6D12875DE7461CA1633A4776 /* Pods-UberGo.release.xcconfig */;
			buildSettings = {
				ASSETCATALOG_COMPILER_APPICON_NAME = AppIcon;
				COMBINE_HIDPI_IMAGES = YES;
				DEVELOPMENT_TEAM = D54Y88Y9CY;
				INFOPLIST_FILE = UberGo/Info.plist;
				LD_RUNPATH_SEARCH_PATHS = "$(inherited) @executable_path/../Frameworks";
				PRODUCT_BUNDLE_IDENTIFIER = com.fe.UberGo;
				PRODUCT_NAME = "$(TARGET_NAME)";
				SWIFT_VERSION = 3.0;
			};
			name = Release;
		};
		BA037F511EDD61F800945C1D /* Debug */ = {
			isa = XCBuildConfiguration;
			buildSettings = {
				ALWAYS_EMBED_SWIFT_STANDARD_LIBRARIES = YES;
				BUNDLE_LOADER = "$(TEST_HOST)";
				COMBINE_HIDPI_IMAGES = YES;
				DEVELOPMENT_TEAM = D54Y88Y9CY;
				INFOPLIST_FILE = UberGoTests/Info.plist;
				LD_RUNPATH_SEARCH_PATHS = "$(inherited) @executable_path/../Frameworks @loader_path/../Frameworks";
				PRODUCT_BUNDLE_IDENTIFIER = com.fe.UberGoTests;
				PRODUCT_NAME = "$(TARGET_NAME)";
				SWIFT_VERSION = 3.0;
				TEST_HOST = "$(BUILT_PRODUCTS_DIR)/UberGo.app/Contents/MacOS/UberGo";
			};
			name = Debug;
		};
		BA037F521EDD61F800945C1D /* Release */ = {
			isa = XCBuildConfiguration;
			buildSettings = {
				ALWAYS_EMBED_SWIFT_STANDARD_LIBRARIES = YES;
				BUNDLE_LOADER = "$(TEST_HOST)";
				COMBINE_HIDPI_IMAGES = YES;
				DEVELOPMENT_TEAM = D54Y88Y9CY;
				INFOPLIST_FILE = UberGoTests/Info.plist;
				LD_RUNPATH_SEARCH_PATHS = "$(inherited) @executable_path/../Frameworks @loader_path/../Frameworks";
				PRODUCT_BUNDLE_IDENTIFIER = com.fe.UberGoTests;
				PRODUCT_NAME = "$(TARGET_NAME)";
				SWIFT_VERSION = 3.0;
				TEST_HOST = "$(BUILT_PRODUCTS_DIR)/UberGo.app/Contents/MacOS/UberGo";
			};
			name = Release;
		};
/* End XCBuildConfiguration section */

/* Begin XCConfigurationList section */
		BA037F2E1EDD61F800945C1D /* Build configuration list for PBXProject "UberGo" */ = {
			isa = XCConfigurationList;
			buildConfigurations = (
				BA037F4B1EDD61F800945C1D /* Debug */,
				BA037F4C1EDD61F800945C1D /* Release */,
			);
			defaultConfigurationIsVisible = 0;
			defaultConfigurationName = Release;
		};
		BA037F4D1EDD61F800945C1D /* Build configuration list for PBXNativeTarget "UberGo" */ = {
			isa = XCConfigurationList;
			buildConfigurations = (
				BA037F4E1EDD61F800945C1D /* Debug */,
				BA037F4F1EDD61F800945C1D /* Release */,
			);
			defaultConfigurationIsVisible = 0;
			defaultConfigurationName = Release;
		};
		BA037F501EDD61F800945C1D /* Build configuration list for PBXNativeTarget "UberGoTests" */ = {
			isa = XCConfigurationList;
			buildConfigurations = (
				BA037F511EDD61F800945C1D /* Debug */,
				BA037F521EDD61F800945C1D /* Release */,
			);
			defaultConfigurationIsVisible = 0;
			defaultConfigurationName = Release;
		};
/* End XCConfigurationList section */
	};
	rootObject = BA037F2B1EDD61F800945C1D /* Project object */;
}
