// !$*UTF8*$!
{
	archiveVersion = 1;
	classes = {
	};
	objectVersion = 46;
	objects = {

/* Begin PBXBuildFile section */
		00CA4DFC1E6657E70B7E8D36 /* Pods_UberGo.framework in Frameworks */ = {isa = PBXBuildFile; fileRef = E8B037DB48A309C9D4EDC5A2 /* Pods_UberGo.framework */; };
		0AAC5ABA5AEE614C1527F0DB /* Pods_UberGoTests.framework in Frameworks */ = {isa = PBXBuildFile; fileRef = 9EBB69980622B04127F530DE /* Pods_UberGoTests.framework */; };
		BA037F371EDD61F800945C1D /* AppDelegate.swift in Sources */ = {isa = PBXBuildFile; fileRef = BA037F361EDD61F800945C1D /* AppDelegate.swift */; };
		BA037F3B1EDD61F800945C1D /* Assets.xcassets in Resources */ = {isa = PBXBuildFile; fileRef = BA037F3A1EDD61F800945C1D /* Assets.xcassets */; };
		BA037F3E1EDD61F800945C1D /* Main.storyboard in Resources */ = {isa = PBXBuildFile; fileRef = BA037F3C1EDD61F800945C1D /* Main.storyboard */; };
		BA037F491EDD61F800945C1D /* UberGoTests.swift in Sources */ = {isa = PBXBuildFile; fileRef = BA037F481EDD61F800945C1D /* UberGoTests.swift */; };
		BA1C3FB41EFA6852001FD50F /* PaymentMethodsController.swift in Sources */ = {isa = PBXBuildFile; fileRef = BA1C3FB21EFA6852001FD50F /* PaymentMethodsController.swift */; };
		BA1C3FB51EFA6852001FD50F /* PaymentMethodsController.xib in Resources */ = {isa = PBXBuildFile; fileRef = BA1C3FB31EFA6852001FD50F /* PaymentMethodsController.xib */; };
		BA1C3FBB1EFAB1D6001FD50F /* PaymentAccountCell.swift in Sources */ = {isa = PBXBuildFile; fileRef = BA1C3FB91EFAB1D6001FD50F /* PaymentAccountCell.swift */; };
		BA1C3FBC1EFAB1D6001FD50F /* PaymentAccountCell.xib in Resources */ = {isa = PBXBuildFile; fileRef = BA1C3FBA1EFAB1D6001FD50F /* PaymentAccountCell.xib */; };
		BA2900FA1F2E324900797AFE /* PickupDashedLine.swift in Sources */ = {isa = PBXBuildFile; fileRef = BA2900F91F2E324900797AFE /* PickupDashedLine.swift */; };
		BA2A3A751EECFF6E002A0343 /* SearchPlaceCell.swift in Sources */ = {isa = PBXBuildFile; fileRef = BA2A3A731EECFF6E002A0343 /* SearchPlaceCell.swift */; };
		BA2A3A761EECFF6E002A0343 /* SearchPlaceCell.xib in Resources */ = {isa = PBXBuildFile; fileRef = BA2A3A741EECFF6E002A0343 /* SearchPlaceCell.xib */; };
		BA2A3A831EED4298002A0343 /* SearchCollectionView.xib in Resources */ = {isa = PBXBuildFile; fileRef = BA2A3A821EED4298002A0343 /* SearchCollectionView.xib */; };
		BA2A3A861EED430D002A0343 /* SearchCollectionView.swift in Sources */ = {isa = PBXBuildFile; fileRef = BA2A3A851EED430D002A0343 /* SearchCollectionView.swift */; };
		BA4796A91EE2C49700620BB0 /* MapKit.framework in Frameworks */ = {isa = PBXBuildFile; fileRef = BA4796A81EE2C49700620BB0 /* MapKit.framework */; };
		BA48DCAF1F415FCE007BA3B6 /* PersonalPlaceSearchController.swift in Sources */ = {isa = PBXBuildFile; fileRef = BA48DCAE1F415FCE007BA3B6 /* PersonalPlaceSearchController.swift */; };
		BA5895D41F1287C300235041 /* BreakdownPriceController.swift in Sources */ = {isa = PBXBuildFile; fileRef = BA5895D21F1287C300235041 /* BreakdownPriceController.swift */; };
		BA5895D51F1287C300235041 /* BreakdownPriceController.xib in Resources */ = {isa = PBXBuildFile; fileRef = BA5895D31F1287C300235041 /* BreakdownPriceController.xib */; };
		BA657DA71F149B6E007E4821 /* PriceDetailCell.swift in Sources */ = {isa = PBXBuildFile; fileRef = BA657DA61F149B6E007E4821 /* PriceDetailCell.swift */; };
		BA657DA91F149B7A007E4821 /* PriceDetailCell.xib in Resources */ = {isa = PBXBuildFile; fileRef = BA657DA81F149B7A007E4821 /* PriceDetailCell.xib */; };
		BA67673D1EFA295D00805AC1 /* WebViewController.swift in Sources */ = {isa = PBXBuildFile; fileRef = BA67673B1EFA295D00805AC1 /* WebViewController.swift */; };
		BA67673E1EFA295D00805AC1 /* WebViewController.xib in Resources */ = {isa = PBXBuildFile; fileRef = BA67673C1EFA295D00805AC1 /* WebViewController.xib */; };
		BA7BA9831EE42C060056B0CF /* CoreLocation.framework in Frameworks */ = {isa = PBXBuildFile; fileRef = BA7BA9821EE42C060056B0CF /* CoreLocation.framework */; };
		BA86A36C1F60F8F6001E4358 /* DriverAnnotation.swift in Sources */ = {isa = PBXBuildFile; fileRef = BA86A36B1F60F8F6001E4358 /* DriverAnnotation.swift */; };
		BA8E05F01F298D38008D9CB8 /* UberAlertView.swift in Sources */ = {isa = PBXBuildFile; fileRef = BA8E05EF1F298D38008D9CB8 /* UberAlertView.swift */; };
		BA8E05F21F298D41008D9CB8 /* UberAlertView.xib in Resources */ = {isa = PBXBuildFile; fileRef = BA8E05F11F298D41008D9CB8 /* UberAlertView.xib */; };
		BAA157951F33446C0020D5A6 /* SearchController.swift in Sources */ = {isa = PBXBuildFile; fileRef = BAA157941F33446C0020D5A6 /* SearchController.swift */; };
		BAA157971F3374020020D5A6 /* SearchController.xib in Resources */ = {isa = PBXBuildFile; fileRef = BAA157961F3374020020D5A6 /* SearchController.xib */; };
		BAA157991F3376CC0020D5A6 /* TransparentView.swift in Sources */ = {isa = PBXBuildFile; fileRef = BAA157981F3376CC0020D5A6 /* TransparentView.swift */; };
		BAAC441B1EF3A4BE00A9F949 /* UberMapView.swift in Sources */ = {isa = PBXBuildFile; fileRef = BAAC441A1EF3A4BE00A9F949 /* UberMapView.swift */; };
		BAB082171F04B7A300A74665 /* OriginAnnotation.swift in Sources */ = {isa = PBXBuildFile; fileRef = BAB082161F04B7A300A74665 /* OriginAnnotation.swift */; };
		BAB0821A1F04C35900A74665 /* DestinationAnnotation.swift in Sources */ = {isa = PBXBuildFile; fileRef = BAB082191F04C35900A74665 /* DestinationAnnotation.swift */; };
		BAB0821C1F05569100A74665 /* PickupAnnotation.swift in Sources */ = {isa = PBXBuildFile; fileRef = BAB0821B1F05569100A74665 /* PickupAnnotation.swift */; };
		BAB082211F0559FB00A74665 /* CalloutAnnotations.swift in Sources */ = {isa = PBXBuildFile; fileRef = BAB0821F1F0559FB00A74665 /* CalloutAnnotations.swift */; };
		BAB082221F0559FB00A74665 /* CalloutAnnotations.xib in Resources */ = {isa = PBXBuildFile; fileRef = BAB082201F0559FB00A74665 /* CalloutAnnotations.xib */; };
		BAB082261F05626100A74665 /* UberAnnotation.swift in Sources */ = {isa = PBXBuildFile; fileRef = BAB082251F05626100A74665 /* UberAnnotation.swift */; };
		BAB14AC01EF62DB40066267B /* UberProductCell.swift in Sources */ = {isa = PBXBuildFile; fileRef = BAB14ABE1EF62DB40066267B /* UberProductCell.swift */; };
		BAB14AC11EF62DB40066267B /* UberProductCell.xib in Resources */ = {isa = PBXBuildFile; fileRef = BAB14ABF1EF62DB40066267B /* UberProductCell.xib */; };
		BAB14AC31EF65FA80066267B /* CenterHorizontalFlowLayout.swift in Sources */ = {isa = PBXBuildFile; fileRef = BAB14AC21EF65FA80066267B /* CenterHorizontalFlowLayout.swift */; };
		BAB14ACB1EF668290066267B /* UberGroupButton.swift in Sources */ = {isa = PBXBuildFile; fileRef = BAB14ACA1EF668290066267B /* UberGroupButton.swift */; };
		BAB7B8E01EFF67D600B508A1 /* TripActivityView.swift in Sources */ = {isa = PBXBuildFile; fileRef = BAB7B8DF1EFF67D600B508A1 /* TripActivityView.swift */; };
		BAB7B8E21EFF67DF00B508A1 /* TripActivityView.xib in Resources */ = {isa = PBXBuildFile; fileRef = BAB7B8E11EFF67DF00B508A1 /* TripActivityView.xib */; };
		BABAC5BC1F08F3FF000DACEC /* ProductDetailController.swift in Sources */ = {isa = PBXBuildFile; fileRef = BABAC5BA1F08F3FF000DACEC /* ProductDetailController.swift */; };
		BABAC5BD1F08F3FF000DACEC /* ProductDetailController.xib in Resources */ = {isa = PBXBuildFile; fileRef = BABAC5BB1F08F3FF000DACEC /* ProductDetailController.xib */; };
		BACC07981F021F1F0092F2F4 /* UberAlertView+Extension.swift in Sources */ = {isa = PBXBuildFile; fileRef = BACC07971F021F1F0092F2F4 /* UberAlertView+Extension.swift */; };
		BACC07AA1F0367300092F2F4 /* Abstraction.swift in Sources */ = {isa = PBXBuildFile; fileRef = BACC07A51F0367300092F2F4 /* Abstraction.swift */; };
		BACC07AB1F0367300092F2F4 /* Constrainable.swift in Sources */ = {isa = PBXBuildFile; fileRef = BACC07A61F0367300092F2F4 /* Constrainable.swift */; };
		BACC07AC1F0367300092F2F4 /* Constraints.swift in Sources */ = {isa = PBXBuildFile; fileRef = BACC07A71F0367300092F2F4 /* Constraints.swift */; };
		BACC07AD1F0367300092F2F4 /* Stack.swift in Sources */ = {isa = PBXBuildFile; fileRef = BACC07A81F0367300092F2F4 /* Stack.swift */; };
		BACC07AE1F0367300092F2F4 /* TinyConstraints.swift in Sources */ = {isa = PBXBuildFile; fileRef = BACC07A91F0367300092F2F4 /* TinyConstraints.swift */; };
		BACC07B11F036C6E0092F2F4 /* UberPopover.swift in Sources */ = {isa = PBXBuildFile; fileRef = BACC07B01F036C6E0092F2F4 /* UberPopover.swift */; };
		BADB784A1EE5ABD5000536F7 /* SearchBarView.swift in Sources */ = {isa = PBXBuildFile; fileRef = BADB78491EE5ABD5000536F7 /* SearchBarView.swift */; };
		BADB784C1EE5ABDE000536F7 /* SearchBarView.xib in Resources */ = {isa = PBXBuildFile; fileRef = BADB784B1EE5ABDE000536F7 /* SearchBarView.xib */; };
		BADB78501EE5AC6A000536F7 /* NSView+Xib.swift in Sources */ = {isa = PBXBuildFile; fileRef = BADB784F1EE5AC6A000536F7 /* NSView+Xib.swift */; };
		BADB78521EE5AC86000536F7 /* NSView+Identity.swift in Sources */ = {isa = PBXBuildFile; fileRef = BADB78511EE5AC86000536F7 /* NSView+Identity.swift */; };
		BADB78551EE5B7F0000536F7 /* ActionSearchBarView.swift in Sources */ = {isa = PBXBuildFile; fileRef = BADB78541EE5B7F0000536F7 /* ActionSearchBarView.swift */; };
		BADB78571EE5B7FB000536F7 /* ActionSearchBarView.xib in Resources */ = {isa = PBXBuildFile; fileRef = BADB78561EE5B7FB000536F7 /* ActionSearchBarView.xib */; };
		BADB78591EE5B92B000536F7 /* NSView+BackgroundColor.swift in Sources */ = {isa = PBXBuildFile; fileRef = BADB78581EE5B92B000536F7 /* NSView+BackgroundColor.swift */; };
		BADB785B1EE5B93D000536F7 /* NSColor+Hex.swift in Sources */ = {isa = PBXBuildFile; fileRef = BADB785A1EE5B93D000536F7 /* NSColor+Hex.swift */; };
		BADB785E1EE5BA0C000536F7 /* UberButton.swift in Sources */ = {isa = PBXBuildFile; fileRef = BADB785D1EE5BA0C000536F7 /* UberButton.swift */; };
		BADB78611EE661A8000536F7 /* UberTextField.swift in Sources */ = {isa = PBXBuildFile; fileRef = BADB78601EE661A8000536F7 /* UberTextField.swift */; };
		BAE3CCEF1EF5812E00F264CA /* RequestUberView.swift in Sources */ = {isa = PBXBuildFile; fileRef = BAE3CCEE1EF5812E00F264CA /* RequestUberView.swift */; };
		BAE3CCF21EF5815600F264CA /* RequestUberView.xib in Resources */ = {isa = PBXBuildFile; fileRef = BAE3CCF11EF5815600F264CA /* RequestUberView.xib */; };
		BAE690271EE4346700A4D876 /* Mapbox.framework in Frameworks */ = {isa = PBXBuildFile; fileRef = BAE690261EE4346700A4D876 /* Mapbox.framework */; };
		BAE690281EE4346700A4D876 /* Mapbox.framework in Embed Frameworks */ = {isa = PBXBuildFile; fileRef = BAE690261EE4346700A4D876 /* Mapbox.framework */; settings = {ATTRIBUTES = (CodeSignOnCopy, RemoveHeadersOnCopy, ); }; };
		BAE6902C1EE460EB00A4D876 /* EventMonitor.swift in Sources */ = {isa = PBXBuildFile; fileRef = BAE6902B1EE460EB00A4D876 /* EventMonitor.swift */; };
		BAE6902D1EE5139500A4D876 /* UberGoCore.framework in Frameworks */ = {isa = PBXBuildFile; fileRef = BA4796951EE2540D00620BB0 /* UberGoCore.framework */; };
		BAE7171E1EF51D0B00E0EFFA /* NSAnimationContext+Helper.swift in Sources */ = {isa = PBXBuildFile; fileRef = BAE7171D1EF51D0B00E0EFFA /* NSAnimationContext+Helper.swift */; };
		BAED39DB1EE9A705003D9BC3 /* UberCollectionView.swift in Sources */ = {isa = PBXBuildFile; fileRef = BAED39DA1EE9A705003D9BC3 /* UberCollectionView.swift */; };
		BAED39DD1EE9ADB7003D9BC3 /* SearchCollectionViewFlowLayout.swift in Sources */ = {isa = PBXBuildFile; fileRef = BAED39DC1EE9ADB7003D9BC3 /* SearchCollectionViewFlowLayout.swift */; };
		BAF57FB91EE116FB0013090E /* LoginViewController.swift in Sources */ = {isa = PBXBuildFile; fileRef = BAF57FB71EE116FB0013090E /* LoginViewController.swift */; };
		BAF57FBA1EE116FB0013090E /* LoginViewController.xib in Resources */ = {isa = PBXBuildFile; fileRef = BAF57FB81EE116FB0013090E /* LoginViewController.xib */; };
		BAF57FBF1EE117300013090E /* MapViewController.swift in Sources */ = {isa = PBXBuildFile; fileRef = BAF57FBD1EE117300013090E /* MapViewController.swift */; };
		BAF57FC01EE117300013090E /* MapViewController.xib in Resources */ = {isa = PBXBuildFile; fileRef = BAF57FBE1EE117300013090E /* MapViewController.xib */; };
/* End PBXBuildFile section */

/* Begin PBXContainerItemProxy section */
		BA037F451EDD61F800945C1D /* PBXContainerItemProxy */ = {
			isa = PBXContainerItemProxy;
			containerPortal = BA037F2B1EDD61F800945C1D /* Project object */;
			proxyType = 1;
			remoteGlobalIDString = BA037F321EDD61F800945C1D;
			remoteInfo = UberGo;
		};
/* End PBXContainerItemProxy section */

/* Begin PBXCopyFilesBuildPhase section */
		BAE690291EE4346700A4D876 /* Embed Frameworks */ = {
			isa = PBXCopyFilesBuildPhase;
			buildActionMask = 2147483647;
			dstPath = "";
			dstSubfolderSpec = 10;
			files = (
				BAE690281EE4346700A4D876 /* Mapbox.framework in Embed Frameworks */,
			);
			name = "Embed Frameworks";
			runOnlyForDeploymentPostprocessing = 0;
		};
/* End PBXCopyFilesBuildPhase section */

/* Begin PBXFileReference section */
		13D868F3FBB4B7EB32B77A66 /* Pods-UberGo.debug.xcconfig */ = {isa = PBXFileReference; includeInIndex = 1; lastKnownFileType = text.xcconfig; name = "Pods-UberGo.debug.xcconfig"; path = "../Pods/Target Support Files/Pods-UberGo/Pods-UberGo.debug.xcconfig"; sourceTree = "<group>"; };
		6D12875DE7461CA1633A4776 /* Pods-UberGo.release.xcconfig */ = {isa = PBXFileReference; includeInIndex = 1; lastKnownFileType = text.xcconfig; name = "Pods-UberGo.release.xcconfig"; path = "../Pods/Target Support Files/Pods-UberGo/Pods-UberGo.release.xcconfig"; sourceTree = "<group>"; };
		8407E9AE904DFBF2F5EAF508 /* Pods-UberGoTests.debug.xcconfig */ = {isa = PBXFileReference; includeInIndex = 1; lastKnownFileType = text.xcconfig; name = "Pods-UberGoTests.debug.xcconfig"; path = "../Pods/Target Support Files/Pods-UberGoTests/Pods-UberGoTests.debug.xcconfig"; sourceTree = "<group>"; };
		9EBB69980622B04127F530DE /* Pods_UberGoTests.framework */ = {isa = PBXFileReference; explicitFileType = wrapper.framework; includeInIndex = 0; path = Pods_UberGoTests.framework; sourceTree = BUILT_PRODUCTS_DIR; };
		AF17C73BDD19282C52C2A7D9 /* Pods-UberGoTests.release.xcconfig */ = {isa = PBXFileReference; includeInIndex = 1; lastKnownFileType = text.xcconfig; name = "Pods-UberGoTests.release.xcconfig"; path = "../Pods/Target Support Files/Pods-UberGoTests/Pods-UberGoTests.release.xcconfig"; sourceTree = "<group>"; };
		BA037F331EDD61F800945C1D /* UberGo.app */ = {isa = PBXFileReference; explicitFileType = wrapper.application; includeInIndex = 0; path = UberGo.app; sourceTree = BUILT_PRODUCTS_DIR; };
		BA037F361EDD61F800945C1D /* AppDelegate.swift */ = {isa = PBXFileReference; lastKnownFileType = sourcecode.swift; path = AppDelegate.swift; sourceTree = "<group>"; };
		BA037F3A1EDD61F800945C1D /* Assets.xcassets */ = {isa = PBXFileReference; lastKnownFileType = folder.assetcatalog; path = Assets.xcassets; sourceTree = "<group>"; };
		BA037F3D1EDD61F800945C1D /* Base */ = {isa = PBXFileReference; lastKnownFileType = file.storyboard; name = Base; path = Base.lproj/Main.storyboard; sourceTree = "<group>"; };
		BA037F3F1EDD61F800945C1D /* Info.plist */ = {isa = PBXFileReference; lastKnownFileType = text.plist.xml; path = Info.plist; sourceTree = "<group>"; };
		BA037F441EDD61F800945C1D /* UberGoTests.xctest */ = {isa = PBXFileReference; explicitFileType = wrapper.cfbundle; includeInIndex = 0; path = UberGoTests.xctest; sourceTree = BUILT_PRODUCTS_DIR; };
		BA037F481EDD61F800945C1D /* UberGoTests.swift */ = {isa = PBXFileReference; lastKnownFileType = sourcecode.swift; path = UberGoTests.swift; sourceTree = "<group>"; };
		BA037F4A1EDD61F800945C1D /* Info.plist */ = {isa = PBXFileReference; lastKnownFileType = text.plist.xml; path = Info.plist; sourceTree = "<group>"; };
		BA1C3FB21EFA6852001FD50F /* PaymentMethodsController.swift */ = {isa = PBXFileReference; fileEncoding = 4; lastKnownFileType = sourcecode.swift; path = PaymentMethodsController.swift; sourceTree = "<group>"; };
		BA1C3FB31EFA6852001FD50F /* PaymentMethodsController.xib */ = {isa = PBXFileReference; fileEncoding = 4; lastKnownFileType = file.xib; path = PaymentMethodsController.xib; sourceTree = "<group>"; };
		BA1C3FB91EFAB1D6001FD50F /* PaymentAccountCell.swift */ = {isa = PBXFileReference; fileEncoding = 4; lastKnownFileType = sourcecode.swift; path = PaymentAccountCell.swift; sourceTree = "<group>"; };
		BA1C3FBA1EFAB1D6001FD50F /* PaymentAccountCell.xib */ = {isa = PBXFileReference; fileEncoding = 4; lastKnownFileType = file.xib; path = PaymentAccountCell.xib; sourceTree = "<group>"; };
		BA2900F91F2E324900797AFE /* PickupDashedLine.swift */ = {isa = PBXFileReference; lastKnownFileType = sourcecode.swift; path = PickupDashedLine.swift; sourceTree = "<group>"; };
		BA2A3A731EECFF6E002A0343 /* SearchPlaceCell.swift */ = {isa = PBXFileReference; fileEncoding = 4; lastKnownFileType = sourcecode.swift; path = SearchPlaceCell.swift; sourceTree = "<group>"; };
		BA2A3A741EECFF6E002A0343 /* SearchPlaceCell.xib */ = {isa = PBXFileReference; fileEncoding = 4; lastKnownFileType = file.xib; path = SearchPlaceCell.xib; sourceTree = "<group>"; };
		BA2A3A821EED4298002A0343 /* SearchCollectionView.xib */ = {isa = PBXFileReference; fileEncoding = 4; lastKnownFileType = file.xib; path = SearchCollectionView.xib; sourceTree = "<group>"; };
		BA2A3A851EED430D002A0343 /* SearchCollectionView.swift */ = {isa = PBXFileReference; fileEncoding = 4; lastKnownFileType = sourcecode.swift; path = SearchCollectionView.swift; sourceTree = "<group>"; };
		BA4796951EE2540D00620BB0 /* UberGoCore.framework */ = {isa = PBXFileReference; explicitFileType = wrapper.framework; path = UberGoCore.framework; sourceTree = BUILT_PRODUCTS_DIR; };
		BA4796A81EE2C49700620BB0 /* MapKit.framework */ = {isa = PBXFileReference; lastKnownFileType = wrapper.framework; name = MapKit.framework; path = System/Library/Frameworks/MapKit.framework; sourceTree = SDKROOT; };
		BA48DCAE1F415FCE007BA3B6 /* PersonalPlaceSearchController.swift */ = {isa = PBXFileReference; lastKnownFileType = sourcecode.swift; path = PersonalPlaceSearchController.swift; sourceTree = "<group>"; };
		BA5895D21F1287C300235041 /* BreakdownPriceController.swift */ = {isa = PBXFileReference; lastKnownFileType = sourcecode.swift; path = BreakdownPriceController.swift; sourceTree = "<group>"; };
		BA5895D31F1287C300235041 /* BreakdownPriceController.xib */ = {isa = PBXFileReference; lastKnownFileType = file.xib; path = BreakdownPriceController.xib; sourceTree = "<group>"; };
		BA657DA61F149B6E007E4821 /* PriceDetailCell.swift */ = {isa = PBXFileReference; lastKnownFileType = sourcecode.swift; path = PriceDetailCell.swift; sourceTree = "<group>"; };
		BA657DA81F149B7A007E4821 /* PriceDetailCell.xib */ = {isa = PBXFileReference; lastKnownFileType = file.xib; path = PriceDetailCell.xib; sourceTree = "<group>"; };
		BA67673B1EFA295D00805AC1 /* WebViewController.swift */ = {isa = PBXFileReference; fileEncoding = 4; lastKnownFileType = sourcecode.swift; path = WebViewController.swift; sourceTree = "<group>"; };
		BA67673C1EFA295D00805AC1 /* WebViewController.xib */ = {isa = PBXFileReference; fileEncoding = 4; lastKnownFileType = file.xib; path = WebViewController.xib; sourceTree = "<group>"; };
		BA7BA9821EE42C060056B0CF /* CoreLocation.framework */ = {isa = PBXFileReference; lastKnownFileType = wrapper.framework; name = CoreLocation.framework; path = System/Library/Frameworks/CoreLocation.framework; sourceTree = SDKROOT; };
		BA86A36B1F60F8F6001E4358 /* DriverAnnotation.swift */ = {isa = PBXFileReference; lastKnownFileType = sourcecode.swift; path = DriverAnnotation.swift; sourceTree = "<group>"; };
		BA8E05EF1F298D38008D9CB8 /* UberAlertView.swift */ = {isa = PBXFileReference; lastKnownFileType = sourcecode.swift; path = UberAlertView.swift; sourceTree = "<group>"; };
		BA8E05F11F298D41008D9CB8 /* UberAlertView.xib */ = {isa = PBXFileReference; lastKnownFileType = file.xib; path = UberAlertView.xib; sourceTree = "<group>"; };
		BAA157941F33446C0020D5A6 /* SearchController.swift */ = {isa = PBXFileReference; lastKnownFileType = sourcecode.swift; path = SearchController.swift; sourceTree = "<group>"; };
		BAA157961F3374020020D5A6 /* SearchController.xib */ = {isa = PBXFileReference; lastKnownFileType = file.xib; path = SearchController.xib; sourceTree = "<group>"; };
		BAA157981F3376CC0020D5A6 /* TransparentView.swift */ = {isa = PBXFileReference; lastKnownFileType = sourcecode.swift; path = TransparentView.swift; sourceTree = "<group>"; };
		BAAC441A1EF3A4BE00A9F949 /* UberMapView.swift */ = {isa = PBXFileReference; fileEncoding = 4; lastKnownFileType = sourcecode.swift; path = UberMapView.swift; sourceTree = "<group>"; };
		BAB082161F04B7A300A74665 /* OriginAnnotation.swift */ = {isa = PBXFileReference; fileEncoding = 4; lastKnownFileType = sourcecode.swift; path = OriginAnnotation.swift; sourceTree = "<group>"; };
		BAB082191F04C35900A74665 /* DestinationAnnotation.swift */ = {isa = PBXFileReference; fileEncoding = 4; lastKnownFileType = sourcecode.swift; path = DestinationAnnotation.swift; sourceTree = "<group>"; };
		BAB0821B1F05569100A74665 /* PickupAnnotation.swift */ = {isa = PBXFileReference; fileEncoding = 4; lastKnownFileType = sourcecode.swift; path = PickupAnnotation.swift; sourceTree = "<group>"; };
		BAB0821F1F0559FB00A74665 /* CalloutAnnotations.swift */ = {isa = PBXFileReference; fileEncoding = 4; lastKnownFileType = sourcecode.swift; path = CalloutAnnotations.swift; sourceTree = "<group>"; };
		BAB082201F0559FB00A74665 /* CalloutAnnotations.xib */ = {isa = PBXFileReference; fileEncoding = 4; lastKnownFileType = file.xib; path = CalloutAnnotations.xib; sourceTree = "<group>"; };
		BAB082251F05626100A74665 /* UberAnnotation.swift */ = {isa = PBXFileReference; fileEncoding = 4; lastKnownFileType = sourcecode.swift; path = UberAnnotation.swift; sourceTree = "<group>"; };
		BAB14ABE1EF62DB40066267B /* UberProductCell.swift */ = {isa = PBXFileReference; fileEncoding = 4; lastKnownFileType = sourcecode.swift; path = UberProductCell.swift; sourceTree = "<group>"; };
		BAB14ABF1EF62DB40066267B /* UberProductCell.xib */ = {isa = PBXFileReference; fileEncoding = 4; lastKnownFileType = file.xib; path = UberProductCell.xib; sourceTree = "<group>"; };
		BAB14AC21EF65FA80066267B /* CenterHorizontalFlowLayout.swift */ = {isa = PBXFileReference; fileEncoding = 4; lastKnownFileType = sourcecode.swift; path = CenterHorizontalFlowLayout.swift; sourceTree = "<group>"; };
		BAB14ACA1EF668290066267B /* UberGroupButton.swift */ = {isa = PBXFileReference; fileEncoding = 4; lastKnownFileType = sourcecode.swift; path = UberGroupButton.swift; sourceTree = "<group>"; };
		BAB7B8DF1EFF67D600B508A1 /* TripActivityView.swift */ = {isa = PBXFileReference; fileEncoding = 4; lastKnownFileType = sourcecode.swift; path = TripActivityView.swift; sourceTree = "<group>"; };
		BAB7B8E11EFF67DF00B508A1 /* TripActivityView.xib */ = {isa = PBXFileReference; fileEncoding = 4; lastKnownFileType = file.xib; path = TripActivityView.xib; sourceTree = "<group>"; };
		BABAC5BA1F08F3FF000DACEC /* ProductDetailController.swift */ = {isa = PBXFileReference; fileEncoding = 4; lastKnownFileType = sourcecode.swift; path = ProductDetailController.swift; sourceTree = "<group>"; };
		BABAC5BB1F08F3FF000DACEC /* ProductDetailController.xib */ = {isa = PBXFileReference; fileEncoding = 4; lastKnownFileType = file.xib; path = ProductDetailController.xib; sourceTree = "<group>"; };
		BACC07971F021F1F0092F2F4 /* UberAlertView+Extension.swift */ = {isa = PBXFileReference; fileEncoding = 4; lastKnownFileType = sourcecode.swift; path = "UberAlertView+Extension.swift"; sourceTree = "<group>"; };
		BACC07A51F0367300092F2F4 /* Abstraction.swift */ = {isa = PBXFileReference; fileEncoding = 4; lastKnownFileType = sourcecode.swift; path = Abstraction.swift; sourceTree = "<group>"; };
		BACC07A61F0367300092F2F4 /* Constrainable.swift */ = {isa = PBXFileReference; fileEncoding = 4; lastKnownFileType = sourcecode.swift; path = Constrainable.swift; sourceTree = "<group>"; };
		BACC07A71F0367300092F2F4 /* Constraints.swift */ = {isa = PBXFileReference; fileEncoding = 4; lastKnownFileType = sourcecode.swift; path = Constraints.swift; sourceTree = "<group>"; };
		BACC07A81F0367300092F2F4 /* Stack.swift */ = {isa = PBXFileReference; fileEncoding = 4; lastKnownFileType = sourcecode.swift; path = Stack.swift; sourceTree = "<group>"; };
		BACC07A91F0367300092F2F4 /* TinyConstraints.swift */ = {isa = PBXFileReference; fileEncoding = 4; lastKnownFileType = sourcecode.swift; path = TinyConstraints.swift; sourceTree = "<group>"; };
		BACC07B01F036C6E0092F2F4 /* UberPopover.swift */ = {isa = PBXFileReference; fileEncoding = 4; lastKnownFileType = sourcecode.swift; path = UberPopover.swift; sourceTree = "<group>"; };
		BADB78491EE5ABD5000536F7 /* SearchBarView.swift */ = {isa = PBXFileReference; fileEncoding = 4; lastKnownFileType = sourcecode.swift; path = SearchBarView.swift; sourceTree = "<group>"; };
		BADB784B1EE5ABDE000536F7 /* SearchBarView.xib */ = {isa = PBXFileReference; fileEncoding = 4; lastKnownFileType = file.xib; path = SearchBarView.xib; sourceTree = "<group>"; };
		BADB784F1EE5AC6A000536F7 /* NSView+Xib.swift */ = {isa = PBXFileReference; fileEncoding = 4; lastKnownFileType = sourcecode.swift; path = "NSView+Xib.swift"; sourceTree = "<group>"; };
		BADB78511EE5AC86000536F7 /* NSView+Identity.swift */ = {isa = PBXFileReference; fileEncoding = 4; lastKnownFileType = sourcecode.swift; path = "NSView+Identity.swift"; sourceTree = "<group>"; };
		BADB78541EE5B7F0000536F7 /* ActionSearchBarView.swift */ = {isa = PBXFileReference; fileEncoding = 4; lastKnownFileType = sourcecode.swift; path = ActionSearchBarView.swift; sourceTree = "<group>"; };
		BADB78561EE5B7FB000536F7 /* ActionSearchBarView.xib */ = {isa = PBXFileReference; fileEncoding = 4; lastKnownFileType = file.xib; path = ActionSearchBarView.xib; sourceTree = "<group>"; };
		BADB78581EE5B92B000536F7 /* NSView+BackgroundColor.swift */ = {isa = PBXFileReference; fileEncoding = 4; lastKnownFileType = sourcecode.swift; path = "NSView+BackgroundColor.swift"; sourceTree = "<group>"; };
		BADB785A1EE5B93D000536F7 /* NSColor+Hex.swift */ = {isa = PBXFileReference; fileEncoding = 4; lastKnownFileType = sourcecode.swift; path = "NSColor+Hex.swift"; sourceTree = "<group>"; };
		BADB785D1EE5BA0C000536F7 /* UberButton.swift */ = {isa = PBXFileReference; fileEncoding = 4; lastKnownFileType = sourcecode.swift; path = UberButton.swift; sourceTree = "<group>"; };
		BADB78601EE661A8000536F7 /* UberTextField.swift */ = {isa = PBXFileReference; fileEncoding = 4; lastKnownFileType = sourcecode.swift; path = UberTextField.swift; sourceTree = "<group>"; };
		BAE3CCEE1EF5812E00F264CA /* RequestUberView.swift */ = {isa = PBXFileReference; fileEncoding = 4; lastKnownFileType = sourcecode.swift; path = RequestUberView.swift; sourceTree = "<group>"; };
		BAE3CCF11EF5815600F264CA /* RequestUberView.xib */ = {isa = PBXFileReference; fileEncoding = 4; lastKnownFileType = file.xib; path = RequestUberView.xib; sourceTree = "<group>"; };
		BAE690261EE4346700A4D876 /* Mapbox.framework */ = {isa = PBXFileReference; lastKnownFileType = wrapper.framework; path = Mapbox.framework; sourceTree = "<group>"; };
		BAE6902B1EE460EB00A4D876 /* EventMonitor.swift */ = {isa = PBXFileReference; fileEncoding = 4; lastKnownFileType = sourcecode.swift; path = EventMonitor.swift; sourceTree = "<group>"; };
		BAE7171D1EF51D0B00E0EFFA /* NSAnimationContext+Helper.swift */ = {isa = PBXFileReference; fileEncoding = 4; lastKnownFileType = sourcecode.swift; path = "NSAnimationContext+Helper.swift"; sourceTree = "<group>"; };
		BAECEF1D1F09EAA00000CCA4 /* UberGo.entitlements */ = {isa = PBXFileReference; lastKnownFileType = text.plist.entitlements; path = UberGo.entitlements; sourceTree = "<group>"; };
		BAED39DA1EE9A705003D9BC3 /* UberCollectionView.swift */ = {isa = PBXFileReference; fileEncoding = 4; lastKnownFileType = sourcecode.swift; path = UberCollectionView.swift; sourceTree = "<group>"; };
		BAED39DC1EE9ADB7003D9BC3 /* SearchCollectionViewFlowLayout.swift */ = {isa = PBXFileReference; fileEncoding = 4; lastKnownFileType = sourcecode.swift; path = SearchCollectionViewFlowLayout.swift; sourceTree = "<group>"; };
		BAF57FB71EE116FB0013090E /* LoginViewController.swift */ = {isa = PBXFileReference; fileEncoding = 4; lastKnownFileType = sourcecode.swift; path = LoginViewController.swift; sourceTree = "<group>"; };
		BAF57FB81EE116FB0013090E /* LoginViewController.xib */ = {isa = PBXFileReference; fileEncoding = 4; lastKnownFileType = file.xib; path = LoginViewController.xib; sourceTree = "<group>"; };
		BAF57FBD1EE117300013090E /* MapViewController.swift */ = {isa = PBXFileReference; fileEncoding = 4; lastKnownFileType = sourcecode.swift; path = MapViewController.swift; sourceTree = "<group>"; };
		BAF57FBE1EE117300013090E /* MapViewController.xib */ = {isa = PBXFileReference; fileEncoding = 4; lastKnownFileType = file.xib; path = MapViewController.xib; sourceTree = "<group>"; };
		E8B037DB48A309C9D4EDC5A2 /* Pods_UberGo.framework */ = {isa = PBXFileReference; explicitFileType = wrapper.framework; includeInIndex = 0; path = Pods_UberGo.framework; sourceTree = BUILT_PRODUCTS_DIR; };
/* End PBXFileReference section */

/* Begin PBXFrameworksBuildPhase section */
		BA037F301EDD61F800945C1D /* Frameworks */ = {
			isa = PBXFrameworksBuildPhase;
			buildActionMask = 2147483647;
			files = (
				BAE6902D1EE5139500A4D876 /* UberGoCore.framework in Frameworks */,
				BA7BA9831EE42C060056B0CF /* CoreLocation.framework in Frameworks */,
				BA4796A91EE2C49700620BB0 /* MapKit.framework in Frameworks */,
				00CA4DFC1E6657E70B7E8D36 /* Pods_UberGo.framework in Frameworks */,
				BAE690271EE4346700A4D876 /* Mapbox.framework in Frameworks */,
			);
			runOnlyForDeploymentPostprocessing = 0;
		};
		BA037F411EDD61F800945C1D /* Frameworks */ = {
			isa = PBXFrameworksBuildPhase;
			buildActionMask = 2147483647;
			files = (
				0AAC5ABA5AEE614C1527F0DB /* Pods_UberGoTests.framework in Frameworks */,
			);
			runOnlyForDeploymentPostprocessing = 0;
		};
/* End PBXFrameworksBuildPhase section */

/* Begin PBXGroup section */
		0DFF56EB856BA6104A84545D /* Frameworks */ = {
			isa = PBXGroup;
			children = (
				BAE690261EE4346700A4D876 /* Mapbox.framework */,
				BA7BA9821EE42C060056B0CF /* CoreLocation.framework */,
				BA4796A81EE2C49700620BB0 /* MapKit.framework */,
				BA4796951EE2540D00620BB0 /* UberGoCore.framework */,
				E8B037DB48A309C9D4EDC5A2 /* Pods_UberGo.framework */,
				9EBB69980622B04127F530DE /* Pods_UberGoTests.framework */,
			);
			name = Frameworks;
			sourceTree = "<group>";
		};
		BA037F2A1EDD61F800945C1D = {
			isa = PBXGroup;
			children = (
				BA037F351EDD61F800945C1D /* UberGo */,
				BA037F471EDD61F800945C1D /* UberGoTests */,
				BA037F341EDD61F800945C1D /* Products */,
				DB9E6C7D7D233F865E707922 /* Pods */,
				0DFF56EB856BA6104A84545D /* Frameworks */,
			);
			sourceTree = "<group>";
		};
		BA037F341EDD61F800945C1D /* Products */ = {
			isa = PBXGroup;
			children = (
				BA037F331EDD61F800945C1D /* UberGo.app */,
				BA037F441EDD61F800945C1D /* UberGoTests.xctest */,
			);
			name = Products;
			sourceTree = "<group>";
		};
		BA037F351EDD61F800945C1D /* UberGo */ = {
			isa = PBXGroup;
			children = (
				BA32E7211EDFC79C0044C017 /* Constants */,
				BA32E7201EDFC7910044C017 /* Resource */,
				BAE6902A1EE460DF00A4D876 /* Models */,
				BA47969A1EE2598B00620BB0 /* View */,
				BA32E71F1EDFC78B0044C017 /* Controller */,
				BA037F361EDD61F800945C1D /* AppDelegate.swift */,
			);
			path = UberGo;
			sourceTree = "<group>";
		};
		BA037F471EDD61F800945C1D /* UberGoTests */ = {
			isa = PBXGroup;
			children = (
				BA037F481EDD61F800945C1D /* UberGoTests.swift */,
				BA037F4A1EDD61F800945C1D /* Info.plist */,
			);
			path = UberGoTests;
			sourceTree = SOURCE_ROOT;
		};
		BA1C3FB81EFAB1B5001FD50F /* Payment Account Cell */ = {
			isa = PBXGroup;
			children = (
				BA1C3FB91EFAB1D6001FD50F /* PaymentAccountCell.swift */,
				BA1C3FBA1EFAB1D6001FD50F /* PaymentAccountCell.xib */,
			);
			name = "Payment Account Cell";
			sourceTree = "<group>";
		};
		BA262D1E1F28D2C400732D4F /* UberGroupButton */ = {
			isa = PBXGroup;
			children = (
				BAB14ACA1EF668290066267B /* UberGroupButton.swift */,
			);
			name = UberGroupButton;
			sourceTree = "<group>";
		};
		BA2900F81F2E320700797AFE /* PickupDashedLine */ = {
			isa = PBXGroup;
			children = (
				BA2900F91F2E324900797AFE /* PickupDashedLine.swift */,
			);
			name = PickupDashedLine;
			sourceTree = "<group>";
		};
		BA2A3A841EED42F2002A0343 /* Flow */ = {
			isa = PBXGroup;
			children = (
				BAED39DC1EE9ADB7003D9BC3 /* SearchCollectionViewFlowLayout.swift */,
			);
			name = Flow;
			sourceTree = "<group>";
		};
		BA32E71F1EDFC78B0044C017 /* Controller */ = {
			isa = PBXGroup;
			children = (
				BAF57FB71EE116FB0013090E /* LoginViewController.swift */,
				BAF57FBD1EE117300013090E /* MapViewController.swift */,
				BAA157941F33446C0020D5A6 /* SearchController.swift */,
				BA48DCAE1F415FCE007BA3B6 /* PersonalPlaceSearchController.swift */,
				BA67673B1EFA295D00805AC1 /* WebViewController.swift */,
				BA1C3FB21EFA6852001FD50F /* PaymentMethodsController.swift */,
				BABAC5BA1F08F3FF000DACEC /* ProductDetailController.swift */,
				BA5895D21F1287C300235041 /* BreakdownPriceController.swift */,
			);
			name = Controller;
			sourceTree = "<group>";
		};
		BA32E7201EDFC7910044C017 /* Resource */ = {
			isa = PBXGroup;
			children = (
				BAF57FBC1EE117160013090E /* Assets */,
				BAF57FBB1EE117000013090E /* Storyboards Xibs */,
			);
			name = Resource;
			sourceTree = "<group>";
		};
		BA32E7211EDFC79C0044C017 /* Constants */ = {
			isa = PBXGroup;
			children = (
				BAECEF1D1F09EAA00000CCA4 /* UberGo.entitlements */,
				BA037F3F1EDD61F800945C1D /* Info.plist */,
			);
			name = Constants;
			sourceTree = "<group>";
		};
		BA47969A1EE2598B00620BB0 /* View */ = {
			isa = PBXGroup;
			children = (
				BAB14AC81EF660240066267B /* Common */,
				BAB14AC71EF660030066267B /* Uber */,
			);
			name = View;
			sourceTree = "<group>";
		};
		BA657DA51F149B46007E4821 /* Price Detail Cell */ = {
			isa = PBXGroup;
			children = (
				BA657DA61F149B6E007E4821 /* PriceDetailCell.swift */,
				BA657DA81F149B7A007E4821 /* PriceDetailCell.xib */,
			);
			name = "Price Detail Cell";
			sourceTree = "<group>";
		};
		BAA1579A1F3378440020D5A6 /* TransparentView */ = {
			isa = PBXGroup;
			children = (
				BAA157981F3376CC0020D5A6 /* TransparentView.swift */,
			);
			name = TransparentView;
			sourceTree = "<group>";
		};
		BAAC44191EF3A4AB00A9F949 /* Uber Map View */ = {
			isa = PBXGroup;
			children = (
				BA2900F81F2E320700797AFE /* PickupDashedLine */,
				BAB0821E1F05596C00A74665 /* Callout Annotations */,
				BAB082181F04C1A200A74665 /* Markers */,
				BAAC441A1EF3A4BE00A9F949 /* UberMapView.swift */,
			);
			name = "Uber Map View";
			sourceTree = "<group>";
		};
		BAB082181F04C1A200A74665 /* Markers */ = {
			isa = PBXGroup;
			children = (
				BAB082161F04B7A300A74665 /* OriginAnnotation.swift */,
				BAB082191F04C35900A74665 /* DestinationAnnotation.swift */,
				BAB0821B1F05569100A74665 /* PickupAnnotation.swift */,
				BA86A36B1F60F8F6001E4358 /* DriverAnnotation.swift */,
				BAB082251F05626100A74665 /* UberAnnotation.swift */,
			);
			name = Markers;
			sourceTree = "<group>";
		};
		BAB0821E1F05596C00A74665 /* Callout Annotations */ = {
			isa = PBXGroup;
			children = (
				BAB0821F1F0559FB00A74665 /* CalloutAnnotations.swift */,
				BAB082201F0559FB00A74665 /* CalloutAnnotations.xib */,
			);
			name = "Callout Annotations";
			sourceTree = "<group>";
		};
		BAB14ABD1EF62D990066267B /* Product Cell */ = {
			isa = PBXGroup;
			children = (
				BAB14ABE1EF62DB40066267B /* UberProductCell.swift */,
				BAB14ABF1EF62DB40066267B /* UberProductCell.xib */,
			);
			name = "Product Cell";
			sourceTree = "<group>";
		};
		BAB14AC41EF65FD00066267B /* Flow */ = {
			isa = PBXGroup;
			children = (
				BAB14AC21EF65FA80066267B /* CenterHorizontalFlowLayout.swift */,
			);
			name = Flow;
			sourceTree = "<group>";
		};
		BAB14AC51EF65FE30066267B /* Cell */ = {
			isa = PBXGroup;
			children = (
				BA2A3A731EECFF6E002A0343 /* SearchPlaceCell.swift */,
				BA2A3A741EECFF6E002A0343 /* SearchPlaceCell.xib */,
			);
			name = Cell;
			sourceTree = "<group>";
		};
		BAB14AC61EF65FF00066267B /* Uber Collection View */ = {
			isa = PBXGroup;
			children = (
				BAED39DA1EE9A705003D9BC3 /* UberCollectionView.swift */,
			);
			name = "Uber Collection View";
			sourceTree = "<group>";
		};
		BAB14AC71EF660030066267B /* Uber */ = {
			isa = PBXGroup;
			children = (
				BA657DA51F149B46007E4821 /* Price Detail Cell */,
				BACC07AF1F036C5A0092F2F4 /* Uber Popover */,
				BAB7B8DE1EFF67BE00B508A1 /* Trip Activity */,
				BA1C3FB81EFAB1B5001FD50F /* Payment Account Cell */,
				BAE3CCF01EF5813300F264CA /* Request Uber View */,
				BADB78531EE5B7BA000536F7 /* ActionSearchBarView */,
				BADB78481EE5ABC5000536F7 /* Search Bar */,
				BAAC44191EF3A4AB00A9F949 /* Uber Map View */,
				BAED39D91EE9A6EF003D9BC3 /* Search Collection View */,
			);
			name = Uber;
			sourceTree = "<group>";
		};
		BAB14AC81EF660240066267B /* Common */ = {
			isa = PBXGroup;
			children = (
				BAA1579A1F3378440020D5A6 /* TransparentView */,
				BACC07941F021E620092F2F4 /* Uber Alert View */,
				BADB785F1EE66190000536F7 /* UberTextField */,
				BAB14AC61EF65FF00066267B /* Uber Collection View */,
				BADB785C1EE5B9F5000536F7 /* UberButton */,
			);
			name = Common;
			sourceTree = "<group>";
		};
		BAB14AC91EF6602F0066267B /* Helper */ = {
			isa = PBXGroup;
			children = (
				BAE6902B1EE460EB00A4D876 /* EventMonitor.swift */,
				BADB784F1EE5AC6A000536F7 /* NSView+Xib.swift */,
				BADB78511EE5AC86000536F7 /* NSView+Identity.swift */,
				BADB78581EE5B92B000536F7 /* NSView+BackgroundColor.swift */,
				BADB785A1EE5B93D000536F7 /* NSColor+Hex.swift */,
				BAE7171D1EF51D0B00E0EFFA /* NSAnimationContext+Helper.swift */,
			);
			name = Helper;
			sourceTree = "<group>";
		};
		BAB7B8DE1EFF67BE00B508A1 /* Trip Activity */ = {
			isa = PBXGroup;
			children = (
				BAB7B8DF1EFF67D600B508A1 /* TripActivityView.swift */,
				BAB7B8E11EFF67DF00B508A1 /* TripActivityView.xib */,
			);
			name = "Trip Activity";
			sourceTree = "<group>";
		};
		BACC07941F021E620092F2F4 /* Uber Alert View */ = {
			isa = PBXGroup;
			children = (
				BACC07971F021F1F0092F2F4 /* UberAlertView+Extension.swift */,
				BA8E05EF1F298D38008D9CB8 /* UberAlertView.swift */,
				BA8E05F11F298D41008D9CB8 /* UberAlertView.xib */,
			);
			name = "Uber Alert View";
			sourceTree = "<group>";
		};
		BACC07A41F03672F0092F2F4 /* TinyConstraints */ = {
			isa = PBXGroup;
			children = (
				BACC07A51F0367300092F2F4 /* Abstraction.swift */,
				BACC07A61F0367300092F2F4 /* Constrainable.swift */,
				BACC07A71F0367300092F2F4 /* Constraints.swift */,
				BACC07A81F0367300092F2F4 /* Stack.swift */,
				BACC07A91F0367300092F2F4 /* TinyConstraints.swift */,
			);
			path = TinyConstraints;
			sourceTree = "<group>";
		};
		BACC07AF1F036C5A0092F2F4 /* Uber Popover */ = {
			isa = PBXGroup;
			children = (
				BACC07B01F036C6E0092F2F4 /* UberPopover.swift */,
			);
			name = "Uber Popover";
			sourceTree = "<group>";
		};
		BADB78481EE5ABC5000536F7 /* Search Bar */ = {
			isa = PBXGroup;
			children = (
				BADB78491EE5ABD5000536F7 /* SearchBarView.swift */,
				BADB784B1EE5ABDE000536F7 /* SearchBarView.xib */,
			);
			name = "Search Bar";
			sourceTree = "<group>";
		};
		BADB78531EE5B7BA000536F7 /* ActionSearchBarView */ = {
			isa = PBXGroup;
			children = (
				BADB78541EE5B7F0000536F7 /* ActionSearchBarView.swift */,
				BADB78561EE5B7FB000536F7 /* ActionSearchBarView.xib */,
			);
			name = ActionSearchBarView;
			sourceTree = "<group>";
		};
		BADB785C1EE5B9F5000536F7 /* UberButton */ = {
			isa = PBXGroup;
			children = (
				BADB785D1EE5BA0C000536F7 /* UberButton.swift */,
			);
			name = UberButton;
			sourceTree = "<group>";
		};
		BADB785F1EE66190000536F7 /* UberTextField */ = {
			isa = PBXGroup;
			children = (
				BADB78601EE661A8000536F7 /* UberTextField.swift */,
			);
			name = UberTextField;
			sourceTree = "<group>";
		};
		BAE3CCF01EF5813300F264CA /* Request Uber View */ = {
			isa = PBXGroup;
			children = (
				BA262D1E1F28D2C400732D4F /* UberGroupButton */,
				BAB14AC41EF65FD00066267B /* Flow */,
				BAB14ABD1EF62D990066267B /* Product Cell */,
				BAE3CCEE1EF5812E00F264CA /* RequestUberView.swift */,
				BAE3CCF11EF5815600F264CA /* RequestUberView.xib */,
			);
			name = "Request Uber View";
			sourceTree = "<group>";
		};
		BAE6902A1EE460DF00A4D876 /* Models */ = {
			isa = PBXGroup;
			children = (
				BACC07A41F03672F0092F2F4 /* TinyConstraints */,
				BAB14AC91EF6602F0066267B /* Helper */,
			);
			name = Models;
			sourceTree = "<group>";
		};
		BAED39D91EE9A6EF003D9BC3 /* Search Collection View */ = {
			isa = PBXGroup;
			children = (
				BAB14AC51EF65FE30066267B /* Cell */,
				BA2A3A841EED42F2002A0343 /* Flow */,
				BA2A3A851EED430D002A0343 /* SearchCollectionView.swift */,
				BA2A3A821EED4298002A0343 /* SearchCollectionView.xib */,
			);
			name = "Search Collection View";
			sourceTree = "<group>";
		};
		BAF57FBB1EE117000013090E /* Storyboards Xibs */ = {
			isa = PBXGroup;
			children = (
				BA5895D31F1287C300235041 /* BreakdownPriceController.xib */,
				BABAC5BB1F08F3FF000DACEC /* ProductDetailController.xib */,
				BA1C3FB31EFA6852001FD50F /* PaymentMethodsController.xib */,
				BA67673C1EFA295D00805AC1 /* WebViewController.xib */,
				BAF57FBE1EE117300013090E /* MapViewController.xib */,
				BAF57FB81EE116FB0013090E /* LoginViewController.xib */,
				BA037F3C1EDD61F800945C1D /* Main.storyboard */,
				BAA157961F3374020020D5A6 /* SearchController.xib */,
			);
			name = "Storyboards Xibs";
			sourceTree = "<group>";
		};
		BAF57FBC1EE117160013090E /* Assets */ = {
			isa = PBXGroup;
			children = (
				BA037F3A1EDD61F800945C1D /* Assets.xcassets */,
			);
			name = Assets;
			sourceTree = "<group>";
		};
		DB9E6C7D7D233F865E707922 /* Pods */ = {
			isa = PBXGroup;
			children = (
				13D868F3FBB4B7EB32B77A66 /* Pods-UberGo.debug.xcconfig */,
				6D12875DE7461CA1633A4776 /* Pods-UberGo.release.xcconfig */,
				8407E9AE904DFBF2F5EAF508 /* Pods-UberGoTests.debug.xcconfig */,
				AF17C73BDD19282C52C2A7D9 /* Pods-UberGoTests.release.xcconfig */,
			);
			name = Pods;
			sourceTree = "<group>";
		};
/* End PBXGroup section */

/* Begin PBXNativeTarget section */
		BA037F321EDD61F800945C1D /* UberGo */ = {
			isa = PBXNativeTarget;
			buildConfigurationList = BA037F4D1EDD61F800945C1D /* Build configuration list for PBXNativeTarget "UberGo" */;
			buildPhases = (
				380D650E56A7BE06FC10BF61 /* [CP] Check Pods Manifest.lock */,
				BA037F2F1EDD61F800945C1D /* Sources */,
				BA037F301EDD61F800945C1D /* Frameworks */,
				BA037F311EDD61F800945C1D /* Resources */,
				F20F0C70E7EA8A04910A7D3A /* [CP] Embed Pods Frameworks */,
				702D69811002A3516F5DB060 /* [CP] Copy Pods Resources */,
				BA4796AD1EE2D61100620BB0 /* ShellScript */,
				BAE690291EE4346700A4D876 /* Embed Frameworks */,
				BADB78651EE6F3FE000536F7 /* ShellScript */,
			);
			buildRules = (
			);
			dependencies = (
			);
			name = UberGo;
			productName = UberGo;
			productReference = BA037F331EDD61F800945C1D /* UberGo.app */;
			productType = "com.apple.product-type.application";
		};
		BA037F431EDD61F800945C1D /* UberGoTests */ = {
			isa = PBXNativeTarget;
			buildConfigurationList = BA037F501EDD61F800945C1D /* Build configuration list for PBXNativeTarget "UberGoTests" */;
			buildPhases = (
				1E617CA405CC669412FCD756 /* [CP] Check Pods Manifest.lock */,
				BA037F401EDD61F800945C1D /* Sources */,
				BA037F411EDD61F800945C1D /* Frameworks */,
				BA037F421EDD61F800945C1D /* Resources */,
				DE15E6E755C70DECE8D50B8C /* [CP] Embed Pods Frameworks */,
				9B3E33D8158BE8B52630D6A5 /* [CP] Copy Pods Resources */,
			);
			buildRules = (
			);
			dependencies = (
				BA037F461EDD61F800945C1D /* PBXTargetDependency */,
			);
			name = UberGoTests;
			productName = UberGoTests;
			productReference = BA037F441EDD61F800945C1D /* UberGoTests.xctest */;
			productType = "com.apple.product-type.bundle.unit-test";
		};
/* End PBXNativeTarget section */

/* Begin PBXProject section */
		BA037F2B1EDD61F800945C1D /* Project object */ = {
			isa = PBXProject;
			attributes = {
				LastSwiftUpdateCheck = 0830;
				LastUpgradeCheck = 0900;
				ORGANIZATIONNAME = "Nghia Tran";
				TargetAttributes = {
					BA037F321EDD61F800945C1D = {
						CreatedOnToolsVersion = 8.3.2;
						DevelopmentTeam = D54Y88Y9CY;
						ProvisioningStyle = Automatic;
						SystemCapabilities = {
							com.apple.Sandbox = {
								enabled = 1;
							};
						};
					};
					BA037F431EDD61F800945C1D = {
						CreatedOnToolsVersion = 8.3.2;
						DevelopmentTeam = D54Y88Y9CY;
						ProvisioningStyle = Automatic;
						TestTargetID = BA037F321EDD61F800945C1D;
					};
				};
			};
			buildConfigurationList = BA037F2E1EDD61F800945C1D /* Build configuration list for PBXProject "UberGo" */;
			compatibilityVersion = "Xcode 3.2";
			developmentRegion = English;
			hasScannedForEncodings = 0;
			knownRegions = (
				en,
				Base,
			);
			mainGroup = BA037F2A1EDD61F800945C1D;
			productRefGroup = BA037F341EDD61F800945C1D /* Products */;
			projectDirPath = "";
			projectRoot = "";
			targets = (
				BA037F321EDD61F800945C1D /* UberGo */,
				BA037F431EDD61F800945C1D /* UberGoTests */,
			);
		};
/* End PBXProject section */

/* Begin PBXResourcesBuildPhase section */
		BA037F311EDD61F800945C1D /* Resources */ = {
			isa = PBXResourcesBuildPhase;
			buildActionMask = 2147483647;
			files = (
				BA037F3B1EDD61F800945C1D /* Assets.xcassets in Resources */,
				BAB14AC11EF62DB40066267B /* UberProductCell.xib in Resources */,
				BAB082221F0559FB00A74665 /* CalloutAnnotations.xib in Resources */,
				BABAC5BD1F08F3FF000DACEC /* ProductDetailController.xib in Resources */,
				BADB784C1EE5ABDE000536F7 /* SearchBarView.xib in Resources */,
				BADB78571EE5B7FB000536F7 /* ActionSearchBarView.xib in Resources */,
				BA037F3E1EDD61F800945C1D /* Main.storyboard in Resources */,
				BAA157971F3374020020D5A6 /* SearchController.xib in Resources */,
				BA2A3A831EED4298002A0343 /* SearchCollectionView.xib in Resources */,
				BAF57FBA1EE116FB0013090E /* LoginViewController.xib in Resources */,
				BA1C3FB51EFA6852001FD50F /* PaymentMethodsController.xib in Resources */,
				BA2A3A761EECFF6E002A0343 /* SearchPlaceCell.xib in Resources */,
				BA8E05F21F298D41008D9CB8 /* UberAlertView.xib in Resources */,
				BA1C3FBC1EFAB1D6001FD50F /* PaymentAccountCell.xib in Resources */,
				BA5895D51F1287C300235041 /* BreakdownPriceController.xib in Resources */,
				BAB7B8E21EFF67DF00B508A1 /* TripActivityView.xib in Resources */,
				BAE3CCF21EF5815600F264CA /* RequestUberView.xib in Resources */,
				BA657DA91F149B7A007E4821 /* PriceDetailCell.xib in Resources */,
				BAF57FC01EE117300013090E /* MapViewController.xib in Resources */,
				BA67673E1EFA295D00805AC1 /* WebViewController.xib in Resources */,
			);
			runOnlyForDeploymentPostprocessing = 0;
		};
		BA037F421EDD61F800945C1D /* Resources */ = {
			isa = PBXResourcesBuildPhase;
			buildActionMask = 2147483647;
			files = (
			);
			runOnlyForDeploymentPostprocessing = 0;
		};
/* End PBXResourcesBuildPhase section */

/* Begin PBXShellScriptBuildPhase section */
		1E617CA405CC669412FCD756 /* [CP] Check Pods Manifest.lock */ = {
			isa = PBXShellScriptBuildPhase;
			buildActionMask = 2147483647;
			files = (
			);
			inputPaths = (
			);
			name = "[CP] Check Pods Manifest.lock";
			outputPaths = (
			);
			runOnlyForDeploymentPostprocessing = 0;
			shellPath = /bin/sh;
			shellScript = "diff \"${PODS_PODFILE_DIR_PATH}/Podfile.lock\" \"${PODS_ROOT}/Manifest.lock\" > /dev/null\nif [ $? != 0 ] ; then\n    # print error to STDERR\n    echo \"error: The sandbox is not in sync with the Podfile.lock. Run 'pod install' or update your CocoaPods installation.\" >&2\n    exit 1\nfi\n";
			showEnvVarsInLog = 0;
		};
		380D650E56A7BE06FC10BF61 /* [CP] Check Pods Manifest.lock */ = {
			isa = PBXShellScriptBuildPhase;
			buildActionMask = 2147483647;
			files = (
			);
			inputPaths = (
			);
			name = "[CP] Check Pods Manifest.lock";
			outputPaths = (
			);
			runOnlyForDeploymentPostprocessing = 0;
			shellPath = /bin/sh;
			shellScript = "diff \"${PODS_PODFILE_DIR_PATH}/Podfile.lock\" \"${PODS_ROOT}/Manifest.lock\" > /dev/null\nif [ $? != 0 ] ; then\n    # print error to STDERR\n    echo \"error: The sandbox is not in sync with the Podfile.lock. Run 'pod install' or update your CocoaPods installation.\" >&2\n    exit 1\nfi\n";
			showEnvVarsInLog = 0;
		};
		702D69811002A3516F5DB060 /* [CP] Copy Pods Resources */ = {
			isa = PBXShellScriptBuildPhase;
			buildActionMask = 2147483647;
			files = (
			);
			inputPaths = (
			);
			name = "[CP] Copy Pods Resources";
			outputPaths = (
			);
			runOnlyForDeploymentPostprocessing = 0;
			shellPath = /bin/sh;
			shellScript = "\"${SRCROOT}/../Pods/Target Support Files/Pods-UberGo/Pods-UberGo-resources.sh\"\n";
			showEnvVarsInLog = 0;
		};
		9B3E33D8158BE8B52630D6A5 /* [CP] Copy Pods Resources */ = {
			isa = PBXShellScriptBuildPhase;
			buildActionMask = 2147483647;
			files = (
			);
			inputPaths = (
			);
			name = "[CP] Copy Pods Resources";
			outputPaths = (
			);
			runOnlyForDeploymentPostprocessing = 0;
			shellPath = /bin/sh;
			shellScript = "\"${SRCROOT}/../Pods/Target Support Files/Pods-UberGoTests/Pods-UberGoTests-resources.sh\"\n";
			showEnvVarsInLog = 0;
		};
		BA4796AD1EE2D61100620BB0 /* ShellScript */ = {
			isa = PBXShellScriptBuildPhase;
			buildActionMask = 2147483647;
			files = (
			);
			inputPaths = (
			);
			outputPaths = (
			);
			runOnlyForDeploymentPostprocessing = 0;
			shellPath = /bin/sh;
			shellScript = "if which swiftlint >/dev/null; then\nswiftlint\nelse\necho \"warning: SwiftLint not installed, download from https://github.com/realm/SwiftLint\"\nfi";
		};
		BADB78651EE6F3FE000536F7 /* ShellScript */ = {
			isa = PBXShellScriptBuildPhase;
			buildActionMask = 2147483647;
			files = (
			);
			inputPaths = (
			);
			outputPaths = (
			);
			runOnlyForDeploymentPostprocessing = 0;
			shellPath = /bin/sh;
			shellScript = "TAGS=\"TODO:|FIXME:\"\nERRORTAG=\"ERROR:\"\nfind \"${SRCROOT}\" \\( -name \"*.h\" -or -name \"*.m\" -or -name \"*.swift\" -type f\\) -print0 | xargs -0 egrep --with-filename --line-number --only-matching \"($TAGS).*\\$|($ERRORTAG).*\\$\" | perl -p -e \"s/($TAGS)/ warning: \\$1/\" | perl -p -e \"s/($ERRORTAG)/ error: \\$1/\"";
		};
		DE15E6E755C70DECE8D50B8C /* [CP] Embed Pods Frameworks */ = {
			isa = PBXShellScriptBuildPhase;
			buildActionMask = 2147483647;
			files = (
			);
			inputPaths = (
			);
			name = "[CP] Embed Pods Frameworks";
			outputPaths = (
			);
			runOnlyForDeploymentPostprocessing = 0;
			shellPath = /bin/sh;
			shellScript = "\"${SRCROOT}/../Pods/Target Support Files/Pods-UberGoTests/Pods-UberGoTests-frameworks.sh\"\n";
			showEnvVarsInLog = 0;
		};
		F20F0C70E7EA8A04910A7D3A /* [CP] Embed Pods Frameworks */ = {
			isa = PBXShellScriptBuildPhase;
			buildActionMask = 2147483647;
			files = (
			);
			inputPaths = (
			);
			name = "[CP] Embed Pods Frameworks";
			outputPaths = (
			);
			runOnlyForDeploymentPostprocessing = 0;
			shellPath = /bin/sh;
			shellScript = "\"${SRCROOT}/../Pods/Target Support Files/Pods-UberGo/Pods-UberGo-frameworks.sh\"\n";
			showEnvVarsInLog = 0;
		};
/* End PBXShellScriptBuildPhase section */

/* Begin PBXSourcesBuildPhase section */
		BA037F2F1EDD61F800945C1D /* Sources */ = {
			isa = PBXSourcesBuildPhase;
			buildActionMask = 2147483647;
			files = (
				BADB78551EE5B7F0000536F7 /* ActionSearchBarView.swift in Sources */,
				BADB784A1EE5ABD5000536F7 /* SearchBarView.swift in Sources */,
				BADB78501EE5AC6A000536F7 /* NSView+Xib.swift in Sources */,
				BAB14AC01EF62DB40066267B /* UberProductCell.swift in Sources */,
				BABAC5BC1F08F3FF000DACEC /* ProductDetailController.swift in Sources */,
				BA8E05F01F298D38008D9CB8 /* UberAlertView.swift in Sources */,
				BA5895D41F1287C300235041 /* BreakdownPriceController.swift in Sources */,
				BAF57FB91EE116FB0013090E /* LoginViewController.swift in Sources */,
				BAE7171E1EF51D0B00E0EFFA /* NSAnimationContext+Helper.swift in Sources */,
				BA67673D1EFA295D00805AC1 /* WebViewController.swift in Sources */,
				BADB78591EE5B92B000536F7 /* NSView+BackgroundColor.swift in Sources */,
				BAF57FBF1EE117300013090E /* MapViewController.swift in Sources */,
				BA2900FA1F2E324900797AFE /* PickupDashedLine.swift in Sources */,
				BAED39DD1EE9ADB7003D9BC3 /* SearchCollectionViewFlowLayout.swift in Sources */,
				BAB7B8E01EFF67D600B508A1 /* TripActivityView.swift in Sources */,
				BACC07981F021F1F0092F2F4 /* UberAlertView+Extension.swift in Sources */,
				BACC07AE1F0367300092F2F4 /* TinyConstraints.swift in Sources */,
				BA1C3FBB1EFAB1D6001FD50F /* PaymentAccountCell.swift in Sources */,
				BAB14ACB1EF668290066267B /* UberGroupButton.swift in Sources */,
				BAA157951F33446C0020D5A6 /* SearchController.swift in Sources */,
				BADB785B1EE5B93D000536F7 /* NSColor+Hex.swift in Sources */,
				BAB14AC31EF65FA80066267B /* CenterHorizontalFlowLayout.swift in Sources */,
				BADB78611EE661A8000536F7 /* UberTextField.swift in Sources */,
				BAB082261F05626100A74665 /* UberAnnotation.swift in Sources */,
				BACC07B11F036C6E0092F2F4 /* UberPopover.swift in Sources */,
				BA48DCAF1F415FCE007BA3B6 /* PersonalPlaceSearchController.swift in Sources */,
				BACC07AB1F0367300092F2F4 /* Constrainable.swift in Sources */,
				BAAC441B1EF3A4BE00A9F949 /* UberMapView.swift in Sources */,
				BA86A36C1F60F8F6001E4358 /* DriverAnnotation.swift in Sources */,
				BA657DA71F149B6E007E4821 /* PriceDetailCell.swift in Sources */,
				BAB082171F04B7A300A74665 /* OriginAnnotation.swift in Sources */,
				BA1C3FB41EFA6852001FD50F /* PaymentMethodsController.swift in Sources */,
				BA2A3A861EED430D002A0343 /* SearchCollectionView.swift in Sources */,
				BA037F371EDD61F800945C1D /* AppDelegate.swift in Sources */,
				BACC07AC1F0367300092F2F4 /* Constraints.swift in Sources */,
				BAB0821A1F04C35900A74665 /* DestinationAnnotation.swift in Sources */,
				BADB78521EE5AC86000536F7 /* NSView+Identity.swift in Sources */,
				BAB0821C1F05569100A74665 /* PickupAnnotation.swift in Sources */,
				BACC07AD1F0367300092F2F4 /* Stack.swift in Sources */,
				BA2A3A751EECFF6E002A0343 /* SearchPlaceCell.swift in Sources */,
				BAED39DB1EE9A705003D9BC3 /* UberCollectionView.swift in Sources */,
				BADB785E1EE5BA0C000536F7 /* UberButton.swift in Sources */,
				BAE3CCEF1EF5812E00F264CA /* RequestUberView.swift in Sources */,
				BACC07AA1F0367300092F2F4 /* Abstraction.swift in Sources */,
				BAA157991F3376CC0020D5A6 /* TransparentView.swift in Sources */,
				BAE6902C1EE460EB00A4D876 /* EventMonitor.swift in Sources */,
				BAB082211F0559FB00A74665 /* CalloutAnnotations.swift in Sources */,
			);
			runOnlyForDeploymentPostprocessing = 0;
		};
		BA037F401EDD61F800945C1D /* Sources */ = {
			isa = PBXSourcesBuildPhase;
			buildActionMask = 2147483647;
			files = (
				BA037F491EDD61F800945C1D /* UberGoTests.swift in Sources */,
			);
			runOnlyForDeploymentPostprocessing = 0;
		};
/* End PBXSourcesBuildPhase section */

/* Begin PBXTargetDependency section */
		BA037F461EDD61F800945C1D /* PBXTargetDependency */ = {
			isa = PBXTargetDependency;
			target = BA037F321EDD61F800945C1D /* UberGo */;
			targetProxy = BA037F451EDD61F800945C1D /* PBXContainerItemProxy */;
		};
/* End PBXTargetDependency section */

/* Begin PBXVariantGroup section */
		BA037F3C1EDD61F800945C1D /* Main.storyboard */ = {
			isa = PBXVariantGroup;
			children = (
				BA037F3D1EDD61F800945C1D /* Base */,
			);
			name = Main.storyboard;
			sourceTree = "<group>";
		};
/* End PBXVariantGroup section */

/* Begin XCBuildConfiguration section */
		BA037F4B1EDD61F800945C1D /* Debug */ = {
			isa = XCBuildConfiguration;
			buildSettings = {
				ALWAYS_SEARCH_USER_PATHS = NO;
				CLANG_ANALYZER_NONNULL = YES;
				CLANG_ANALYZER_NUMBER_OBJECT_CONVERSION = YES_AGGRESSIVE;
				CLANG_CXX_LANGUAGE_STANDARD = "gnu++0x";
				CLANG_CXX_LIBRARY = "libc++";
				CLANG_ENABLE_MODULES = YES;
				CLANG_ENABLE_OBJC_ARC = YES;
				CLANG_WARN_BLOCK_CAPTURE_AUTORELEASING = YES;
				CLANG_WARN_BOOL_CONVERSION = YES;
				CLANG_WARN_COMMA = YES;
				CLANG_WARN_CONSTANT_CONVERSION = YES;
				CLANG_WARN_DIRECT_OBJC_ISA_USAGE = YES_ERROR;
				CLANG_WARN_DOCUMENTATION_COMMENTS = YES;
				CLANG_WARN_EMPTY_BODY = YES;
				CLANG_WARN_ENUM_CONVERSION = YES;
				CLANG_WARN_INFINITE_RECURSION = YES;
				CLANG_WARN_INT_CONVERSION = YES;
				CLANG_WARN_NON_LITERAL_NULL_CONVERSION = YES;
				CLANG_WARN_OBJC_LITERAL_CONVERSION = YES;
				CLANG_WARN_OBJC_ROOT_CLASS = YES_ERROR;
				CLANG_WARN_RANGE_LOOP_ANALYSIS = YES;
				CLANG_WARN_STRICT_PROTOTYPES = YES;
				CLANG_WARN_SUSPICIOUS_MOVE = YES;
				CLANG_WARN_UNREACHABLE_CODE = YES;
				CLANG_WARN__DUPLICATE_METHOD_MATCH = YES;
				CODE_SIGN_IDENTITY = "-";
				COPY_PHASE_STRIP = NO;
				DEBUG_INFORMATION_FORMAT = dwarf;
				ENABLE_STRICT_OBJC_MSGSEND = YES;
				ENABLE_TESTABILITY = YES;
				GCC_C_LANGUAGE_STANDARD = gnu99;
				GCC_DYNAMIC_NO_PIC = NO;
				GCC_NO_COMMON_BLOCKS = YES;
				GCC_OPTIMIZATION_LEVEL = 0;
				GCC_PREPROCESSOR_DEFINITIONS = (
					"DEBUG=1",
					"$(inherited)",
				);
				GCC_WARN_64_TO_32_BIT_CONVERSION = YES;
				GCC_WARN_ABOUT_RETURN_TYPE = YES_ERROR;
				GCC_WARN_UNDECLARED_SELECTOR = YES;
				GCC_WARN_UNINITIALIZED_AUTOS = YES_AGGRESSIVE;
				GCC_WARN_UNUSED_FUNCTION = YES;
				GCC_WARN_UNUSED_VARIABLE = YES;
				MACOSX_DEPLOYMENT_TARGET = 10.12;
				MTL_ENABLE_DEBUG_INFO = YES;
				ONLY_ACTIVE_ARCH = YES;
				SDKROOT = macosx;
				SWIFT_ACTIVE_COMPILATION_CONDITIONS = DEBUG;
				SWIFT_OPTIMIZATION_LEVEL = "-Onone";
			};
			name = Debug;
		};
		BA037F4C1EDD61F800945C1D /* Release */ = {
			isa = XCBuildConfiguration;
			buildSettings = {
				ALWAYS_SEARCH_USER_PATHS = NO;
				CLANG_ANALYZER_NONNULL = YES;
				CLANG_ANALYZER_NUMBER_OBJECT_CONVERSION = YES_AGGRESSIVE;
				CLANG_CXX_LANGUAGE_STANDARD = "gnu++0x";
				CLANG_CXX_LIBRARY = "libc++";
				CLANG_ENABLE_MODULES = YES;
				CLANG_ENABLE_OBJC_ARC = YES;
				CLANG_WARN_BLOCK_CAPTURE_AUTORELEASING = YES;
				CLANG_WARN_BOOL_CONVERSION = YES;
				CLANG_WARN_COMMA = YES;
				CLANG_WARN_CONSTANT_CONVERSION = YES;
				CLANG_WARN_DIRECT_OBJC_ISA_USAGE = YES_ERROR;
				CLANG_WARN_DOCUMENTATION_COMMENTS = YES;
				CLANG_WARN_EMPTY_BODY = YES;
				CLANG_WARN_ENUM_CONVERSION = YES;
				CLANG_WARN_INFINITE_RECURSION = YES;
				CLANG_WARN_INT_CONVERSION = YES;
				CLANG_WARN_NON_LITERAL_NULL_CONVERSION = YES;
				CLANG_WARN_OBJC_LITERAL_CONVERSION = YES;
				CLANG_WARN_OBJC_ROOT_CLASS = YES_ERROR;
				CLANG_WARN_RANGE_LOOP_ANALYSIS = YES;
				CLANG_WARN_STRICT_PROTOTYPES = YES;
				CLANG_WARN_SUSPICIOUS_MOVE = YES;
				CLANG_WARN_UNREACHABLE_CODE = YES;
				CLANG_WARN__DUPLICATE_METHOD_MATCH = YES;
				CODE_SIGN_IDENTITY = "-";
				COPY_PHASE_STRIP = NO;
				DEBUG_INFORMATION_FORMAT = "dwarf-with-dsym";
				ENABLE_NS_ASSERTIONS = NO;
				ENABLE_STRICT_OBJC_MSGSEND = YES;
				GCC_C_LANGUAGE_STANDARD = gnu99;
				GCC_NO_COMMON_BLOCKS = YES;
				GCC_WARN_64_TO_32_BIT_CONVERSION = YES;
				GCC_WARN_ABOUT_RETURN_TYPE = YES_ERROR;
				GCC_WARN_UNDECLARED_SELECTOR = YES;
				GCC_WARN_UNINITIALIZED_AUTOS = YES_AGGRESSIVE;
				GCC_WARN_UNUSED_FUNCTION = YES;
				GCC_WARN_UNUSED_VARIABLE = YES;
				MACOSX_DEPLOYMENT_TARGET = 10.12;
				MTL_ENABLE_DEBUG_INFO = NO;
				SDKROOT = macosx;
				SWIFT_OPTIMIZATION_LEVEL = "-Owholemodule";
			};
			name = Release;
		};
		BA037F4E1EDD61F800945C1D /* Debug */ = {
			isa = XCBuildConfiguration;
			baseConfigurationReference = 13D868F3FBB4B7EB32B77A66 /* Pods-UberGo.debug.xcconfig */;
			buildSettings = {
				ASSETCATALOG_COMPILER_APPICON_NAME = AppIcon;
				CODE_SIGN_ENTITLEMENTS = UberGo/UberGo.entitlements;
				CODE_SIGN_IDENTITY = "Mac Developer";
				COMBINE_HIDPI_IMAGES = YES;
				DEVELOPMENT_TEAM = D54Y88Y9CY;
				FRAMEWORK_SEARCH_PATHS = (
					"$(inherited)",
					"$(PROJECT_DIR)",
				);
				INFOPLIST_FILE = UberGo/Info.plist;
				LD_RUNPATH_SEARCH_PATHS = "$(inherited) @executable_path/../Frameworks";
				MACOSX_DEPLOYMENT_TARGET = 10.12;
				PRODUCT_BUNDLE_IDENTIFIER = com.fe.UberGo;
				PRODUCT_NAME = "$(TARGET_NAME)";
				PROVISIONING_PROFILE_SPECIFIER = "";
				SWIFT_VERSION = 3.0;
			};
			name = Debug;
		};
		BA037F4F1EDD61F800945C1D /* Release */ = {
			isa = XCBuildConfiguration;
			baseConfigurationReference = 6D12875DE7461CA1633A4776 /* Pods-UberGo.release.xcconfig */;
			buildSettings = {
				ASSETCATALOG_COMPILER_APPICON_NAME = AppIcon;
				CODE_SIGN_ENTITLEMENTS = UberGo/UberGo.entitlements;
				CODE_SIGN_IDENTITY = "Mac Developer";
				COMBINE_HIDPI_IMAGES = YES;
				DEVELOPMENT_TEAM = D54Y88Y9CY;
				FRAMEWORK_SEARCH_PATHS = (
					"$(inherited)",
					"$(PROJECT_DIR)",
				);
				INFOPLIST_FILE = UberGo/Info.plist;
				LD_RUNPATH_SEARCH_PATHS = "$(inherited) @executable_path/../Frameworks";
				MACOSX_DEPLOYMENT_TARGET = 10.12;
				PRODUCT_BUNDLE_IDENTIFIER = com.fe.UberGo;
				PRODUCT_NAME = "$(TARGET_NAME)";
				PROVISIONING_PROFILE_SPECIFIER = "";
				SWIFT_VERSION = 3.0;
			};
			name = Release;
		};
		BA037F511EDD61F800945C1D /* Debug */ = {
			isa = XCBuildConfiguration;
			baseConfigurationReference = 8407E9AE904DFBF2F5EAF508 /* Pods-UberGoTests.debug.xcconfig */;
			buildSettings = {
				ALWAYS_EMBED_SWIFT_STANDARD_LIBRARIES = "$(inherited)";
				BUNDLE_LOADER = "$(TEST_HOST)";
				COMBINE_HIDPI_IMAGES = YES;
				DEVELOPMENT_TEAM = D54Y88Y9CY;
				INFOPLIST_FILE = UberGoTests/Info.plist;
				LD_RUNPATH_SEARCH_PATHS = "$(inherited) @executable_path/../Frameworks @loader_path/../Frameworks";
				PRODUCT_BUNDLE_IDENTIFIER = com.fe.UberGoTests;
				PRODUCT_NAME = "$(TARGET_NAME)";
				SWIFT_VERSION = 3.0;
				TEST_HOST = "$(BUILT_PRODUCTS_DIR)/UberGo.app/Contents/MacOS/UberGo";
			};
			name = Debug;
		};
		BA037F521EDD61F800945C1D /* Release */ = {
			isa = XCBuildConfiguration;
			baseConfigurationReference = AF17C73BDD19282C52C2A7D9 /* Pods-UberGoTests.release.xcconfig */;
			buildSettings = {
				ALWAYS_EMBED_SWIFT_STANDARD_LIBRARIES = "$(inherited)";
				BUNDLE_LOADER = "$(TEST_HOST)";
				COMBINE_HIDPI_IMAGES = YES;
				DEVELOPMENT_TEAM = D54Y88Y9CY;
				INFOPLIST_FILE = UberGoTests/Info.plist;
				LD_RUNPATH_SEARCH_PATHS = "$(inherited) @executable_path/../Frameworks @loader_path/../Frameworks";
				PRODUCT_BUNDLE_IDENTIFIER = com.fe.UberGoTests;
				PRODUCT_NAME = "$(TARGET_NAME)";
				SWIFT_VERSION = 3.0;
				TEST_HOST = "$(BUILT_PRODUCTS_DIR)/UberGo.app/Contents/MacOS/UberGo";
			};
			name = Release;
		};
/* End XCBuildConfiguration section */

/* Begin XCConfigurationList section */
		BA037F2E1EDD61F800945C1D /* Build configuration list for PBXProject "UberGo" */ = {
			isa = XCConfigurationList;
			buildConfigurations = (
				BA037F4B1EDD61F800945C1D /* Debug */,
				BA037F4C1EDD61F800945C1D /* Release */,
			);
			defaultConfigurationIsVisible = 0;
			defaultConfigurationName = Release;
		};
		BA037F4D1EDD61F800945C1D /* Build configuration list for PBXNativeTarget "UberGo" */ = {
			isa = XCConfigurationList;
			buildConfigurations = (
				BA037F4E1EDD61F800945C1D /* Debug */,
				BA037F4F1EDD61F800945C1D /* Release */,
			);
			defaultConfigurationIsVisible = 0;
			defaultConfigurationName = Release;
		};
		BA037F501EDD61F800945C1D /* Build configuration list for PBXNativeTarget "UberGoTests" */ = {
			isa = XCConfigurationList;
			buildConfigurations = (
				BA037F511EDD61F800945C1D /* Debug */,
				BA037F521EDD61F800945C1D /* Release */,
			);
			defaultConfigurationIsVisible = 0;
			defaultConfigurationName = Release;
		};
/* End XCConfigurationList section */
	};
	rootObject = BA037F2B1EDD61F800945C1D /* Project object */;
}
